
Microsoft Visual Studio Solution File, Format Version 12.00
# Visual Studio 2013
VisualStudioVersion = 12.0.21005.1
MinimumVisualStudioVersion = 10.0.40219.1
Project("{FAE04EC0-301F-11D3-BF4B-00C04F79EFBC}") = "01Sum3Int", "01Sum3Int\01Sum3Int.csproj", "{AA76D764-528F-4240-AD05-73A8F761EF49}"
EndProject
Project("{FAE04EC0-301F-11D3-BF4B-00C04F79EFBC}") = "02PrintCompanyInfo", "02PrintCompanyInfo\02PrintCompanyInfo.csproj", "{C7901837-3DE0-4B0B-85CE-68A65F771EEC}"
EndProject
Project("{FAE04EC0-301F-11D3-BF4B-00C04F79EFBC}") = "03CircleAreaPerimeter", "03CircleAreaPerimeter\03CircleAreaPerimeter.csproj", "{0118D52F-9B76-4995-AB44-69930D50580A}"
EndProject
Project("{FAE04EC0-301F-11D3-BF4B-00C04F79EFBC}") = "04Comparer", "04Comparer\04Comparer.csproj", "{5FA300F7-C53C-4B1B-AB35-F9C87E482C3F}"
EndProject
Project("{FAE04EC0-301F-11D3-BF4B-00C04F79EFBC}") = "05FormatNumbers", "05FormatNumbers\05FormatNumbers.csproj", "{10AF6E8D-318F-42AA-ADD9-D2F1D01B353D}"
EndProject
Project("{FAE04EC0-301F-11D3-BF4B-00C04F79EFBC}") = "06QuadraticEq", "06QuadraticEq\06QuadraticEq.csproj", "{41ED22A7-91E4-4AF0-951E-CEC1CB15BB51}"
EndProject
Project("{FAE04EC0-301F-11D3-BF4B-00C04F79EFBC}") = "07Sum5Numbers", "07Sum5Numbers\07Sum5Numbers.csproj", "{5AFE786D-483F-444C-9E9C-0E4882391A7E}"
EndProject
Project("{FAE04EC0-301F-11D3-BF4B-00C04F79EFBC}") = "08Numbers1n", "08Numbers1n\08Numbers1n.csproj", "{CACFE89E-96D0-4A28-B9FD-07DA72D5E6E1}"
EndProject
Project("{FAE04EC0-301F-11D3-BF4B-00C04F79EFBC}") = "09SumNNumbers", "09SumNNumbers\09SumNNumbers.csproj", "{D3D8A544-2144-46B4-9ED9-B2905607F8DC}"
EndProject
Project("{FAE04EC0-301F-11D3-BF4B-00C04F79EFBC}") = "10Fibonacci", "10Fibonacci\10Fibonacci.csproj", "{12144531-2BDB-490C-A569-5D19A81FFA3D}"
EndProject
Project("{FAE04EC0-301F-11D3-BF4B-00C04F79EFBC}") = "11NumsIntervalDivNum", "11NumsIntervalDivNum\11NumsIntervalDivNum.csproj", "{E8F09458-1BAC-48AE-802E-913C88331C83}"
EndProject
Project("{FAE04EC0-301F-11D3-BF4B-00C04F79EFBC}") = "12FallingRocks", "12FallingRocks\12FallingRocks.csproj", "{40923808-F4F3-4BD1-8B0D-AAB41A90F583}"
EndProject
Global
	GlobalSection(SolutionConfigurationPlatforms) = preSolution
		Debug|Any CPU = Debug|Any CPU
		Release|Any CPU = Release|Any CPU
	EndGlobalSection
	GlobalSection(ProjectConfigurationPlatforms) = postSolution
		{AA76D764-528F-4240-AD05-73A8F761EF49}.Debug|Any CPU.ActiveCfg = Debug|Any CPU
		{AA76D764-528F-4240-AD05-73A8F761EF49}.Debug|Any CPU.Build.0 = Debug|Any CPU
		{AA76D764-528F-4240-AD05-73A8F761EF49}.Release|Any CPU.ActiveCfg = Release|Any CPU
		{AA76D764-528F-4240-AD05-73A8F761EF49}.Release|Any CPU.Build.0 = Release|Any CPU
		{C7901837-3DE0-4B0B-85CE-68A65F771EEC}.Debug|Any CPU.ActiveCfg = Debug|Any CPU
		{C7901837-3DE0-4B0B-85CE-68A65F771EEC}.Debug|Any CPU.Build.0 = Debug|Any CPU
		{C7901837-3DE0-4B0B-85CE-68A65F771EEC}.Release|Any CPU.ActiveCfg = Release|Any CPU
		{C7901837-3DE0-4B0B-85CE-68A65F771EEC}.Release|Any CPU.Build.0 = Release|Any CPU
		{0118D52F-9B76-4995-AB44-69930D50580A}.Debug|Any CPU.ActiveCfg = Debug|Any CPU
		{0118D52F-9B76-4995-AB44-69930D50580A}.Debug|Any CPU.Build.0 = Debug|Any CPU
		{0118D52F-9B76-4995-AB44-69930D50580A}.Release|Any CPU.ActiveCfg = Release|Any CPU
		{0118D52F-9B76-4995-AB44-69930D50580A}.Release|Any CPU.Build.0 = Release|Any CPU
		{5FA300F7-C53C-4B1B-AB35-F9C87E482C3F}.Debug|Any CPU.ActiveCfg = Debug|Any CPU
		{5FA300F7-C53C-4B1B-AB35-F9C87E482C3F}.Debug|Any CPU.Build.0 = Debug|Any CPU
		{5FA300F7-C53C-4B1B-AB35-F9C87E482C3F}.Release|Any CPU.ActiveCfg = Release|Any CPU
		{5FA300F7-C53C-4B1B-AB35-F9C87E482C3F}.Release|Any CPU.Build.0 = Release|Any CPU
		{10AF6E8D-318F-42AA-ADD9-D2F1D01B353D}.Debug|Any CPU.ActiveCfg = Debug|Any CPU
		{10AF6E8D-318F-42AA-ADD9-D2F1D01B353D}.Debug|Any CPU.Build.0 = Debug|Any CPU
		{10AF6E8D-318F-42AA-ADD9-D2F1D01B353D}.Release|Any CPU.ActiveCfg = Release|Any CPU
		{10AF6E8D-318F-42AA-ADD9-D2F1D01B353D}.Release|Any CPU.Build.0 = Release|Any CPU
		{41ED22A7-91E4-4AF0-951E-CEC1CB15BB51}.Debug|Any CPU.ActiveCfg = Debug|Any CPU
		{41ED22A7-91E4-4AF0-951E-CEC1CB15BB51}.Debug|Any CPU.Build.0 = Debug|Any CPU
		{41ED22A7-91E4-4AF0-951E-CEC1CB15BB51}.Release|Any CPU.ActiveCfg = Release|Any CPU
		{41ED22A7-91E4-4AF0-951E-CEC1CB15BB51}.Release|Any CPU.Build.0 = Release|Any CPU
		{5AFE786D-483F-444C-9E9C-0E4882391A7E}.Debug|Any CPU.ActiveCfg = Debug|Any CPU
		{5AFE786D-483F-444C-9E9C-0E4882391A7E}.Debug|Any CPU.Build.0 = Debug|Any CPU
		{5AFE786D-483F-444C-9E9C-0E4882391A7E}.Release|Any CPU.ActiveCfg = Release|Any CPU
		{5AFE786D-483F-444C-9E9C-0E4882391A7E}.Release|Any CPU.Build.0 = Release|Any CPU
		{CACFE89E-96D0-4A28-B9FD-07DA72D5E6E1}.Debug|Any CPU.ActiveCfg = Debug|Any CPU
		{CACFE89E-96D0-4A28-B9FD-07DA72D5E6E1}.Debug|Any CPU.Build.0 = Debug|Any CPU
		{CACFE89E-96D0-4A28-B9FD-07DA72D5E6E1}.Release|Any CPU.ActiveCfg = Release|Any CPU
		{CACFE89E-96D0-4A28-B9FD-07DA72D5E6E1}.Release|Any CPU.Build.0 = Release|Any CPU
		{D3D8A544-2144-46B4-9ED9-B2905607F8DC}.Debug|Any CPU.ActiveCfg = Debug|Any CPU
		{D3D8A544-2144-46B4-9ED9-B2905607F8DC}.Debug|Any CPU.Build.0 = Debug|Any CPU
		{D3D8A544-2144-46B4-9ED9-B2905607F8DC}.Release|Any CPU.ActiveCfg = Release|Any CPU
		{D3D8A544-2144-46B4-9ED9-B2905607F8DC}.Release|Any CPU.Build.0 = Release|Any CPU
		{12144531-2BDB-490C-A569-5D19A81FFA3D}.Debug|Any CPU.ActiveCfg = Debug|Any CPU
		{12144531-2BDB-490C-A569-5D19A81FFA3D}.Debug|Any CPU.Build.0 = Debug|Any CPU
		{12144531-2BDB-490C-A569-5D19A81FFA3D}.Release|Any CPU.ActiveCfg = Release|Any CPU
		{12144531-2BDB-490C-A569-5D19A81FFA3D}.Release|Any CPU.Build.0 = Release|Any CPU
		{E8F09458-1BAC-48AE-802E-913C88331C83}.Debug|Any CPU.ActiveCfg = Debug|Any CPU
		{E8F09458-1BAC-48AE-802E-913C88331C83}.Debug|Any CPU.Build.0 = Debug|Any CPU
		{E8F09458-1BAC-48AE-802E-913C88331C83}.Release|Any CPU.ActiveCfg = Release|Any CPU
		{E8F09458-1BAC-48AE-802E-913C88331C83}.Release|Any CPU.Build.0 = Release|Any CPU
		{40923808-F4F3-4BD1-8B0D-AAB41A90F583}.Debug|Any CPU.ActiveCfg = Debug|Any CPU
		{40923808-F4F3-4BD1-8B0D-AAB41A90F583}.Debug|Any CPU.Build.0 = Debug|Any CPU
		{40923808-F4F3-4BD1-8B0D-AAB41A90F583}.Release|Any CPU.ActiveCfg = Release|Any CPU
		{40923808-F4F3-4BD1-8B0D-AAB41A90F583}.Release|Any CPU.Build.0 = Release|Any CPU
	EndGlobalSection
	GlobalSection(SolutionProperties) = preSolution
		HideSolutionNode = FALSE
	EndGlobalSection
EndGlobal
