
Microsoft Visual Studio Solution File, Format Version 12.00
# Visual Studio 14
VisualStudioVersion = 14.0.23107.0
MinimumVisualStudioVersion = 10.0.40219.1
Project("{FAE04EC0-301F-11D3-BF4B-00C04F79EFBC}") = "01.PeshosFriends", "01.PeshosFriends\01.PeshosFriends.csproj", "{1081B953-9BEF-40DA-B242-CEB2E17DB665}"
EndProject
Project("{FAE04EC0-301F-11D3-BF4B-00C04F79EFBC}") = "02.Salaries", "02.Salaries\02.Salaries.csproj", "{1FB6260C-7643-4960-93F5-9BF0ABA6E684}"
EndProject
Global
	GlobalSection(SolutionConfigurationPlatforms) = preSolution
		Debug|Any CPU = Debug|Any CPU
		Release|Any CPU = Release|Any CPU
	EndGlobalSection
	GlobalSection(ProjectConfigurationPlatforms) = postSolution
		{1081B953-9BEF-40DA-B242-CEB2E17DB665}.Debug|Any CPU.ActiveCfg = Debug|Any CPU
		{1081B953-9BEF-40DA-B242-CEB2E17DB665}.Debug|Any CPU.Build.0 = Debug|Any CPU
		{1081B953-9BEF-40DA-B242-CEB2E17DB665}.Release|Any CPU.ActiveCfg = Release|Any CPU
		{1081B953-9BEF-40DA-B242-CEB2E17DB665}.Release|Any CPU.Build.0 = Release|Any CPU
		{1FB6260C-7643-4960-93F5-9BF0ABA6E684}.Debug|Any CPU.ActiveCfg = Debug|Any CPU
		{1FB6260C-7643-4960-93F5-9BF0ABA6E684}.Debug|Any CPU.Build.0 = Debug|Any CPU
		{1FB6260C-7643-4960-93F5-9BF0ABA6E684}.Release|Any CPU.ActiveCfg = Release|Any CPU
		{1FB6260C-7643-4960-93F5-9BF0ABA6E684}.Release|Any CPU.Build.0 = Release|Any CPU
	EndGlobalSection
	GlobalSection(SolutionProperties) = preSolution
		HideSolutionNode = FALSE
	EndGlobalSection
EndGlobal
