
Microsoft Visual Studio Solution File, Format Version 12.00
# Visual Studio 2013
VisualStudioVersion = 12.0.21005.1
MinimumVisualStudioVersion = 10.0.40219.1
Project("{FAE04EC0-301F-11D3-BF4B-00C04F79EFBC}") = "01FillTheMatrix", "01FillTheMatrix\01FillTheMatrix.csproj", "{EF5EC026-63BE-4567-BC80-FC7E49D820A6}"
EndProject
Project("{FAE04EC0-301F-11D3-BF4B-00C04F79EFBC}") = "02MaximalSum", "02MaximalSum\02MaximalSum.csproj", "{7C827316-307F-436D-83AF-ADFBABEFF9C7}"
EndProject
Project("{FAE04EC0-301F-11D3-BF4B-00C04F79EFBC}") = "03SequenceNMatrix", "03SequenceNMatrix\03SequenceNMatrix.csproj", "{F1886770-2888-4F43-8907-47110338903B}"
EndProject
Project("{FAE04EC0-301F-11D3-BF4B-00C04F79EFBC}") = "04BinarySearch", "04BinarySearch\04BinarySearch.csproj", "{2ED9736E-90D4-405E-B189-3C6E333E1522}"
EndProject
Project("{FAE04EC0-301F-11D3-BF4B-00C04F79EFBC}") = "05SortByStringLength", "05SortByStringLength\05SortByStringLength.csproj", "{553F618C-DEEA-4391-9047-AE7203A72ADF}"
EndProject
Global
	GlobalSection(SolutionConfigurationPlatforms) = preSolution
		Debug|Any CPU = Debug|Any CPU
		Release|Any CPU = Release|Any CPU
	EndGlobalSection
	GlobalSection(ProjectConfigurationPlatforms) = postSolution
		{EF5EC026-63BE-4567-BC80-FC7E49D820A6}.Debug|Any CPU.ActiveCfg = Debug|Any CPU
		{EF5EC026-63BE-4567-BC80-FC7E49D820A6}.Debug|Any CPU.Build.0 = Debug|Any CPU
		{EF5EC026-63BE-4567-BC80-FC7E49D820A6}.Release|Any CPU.ActiveCfg = Release|Any CPU
		{EF5EC026-63BE-4567-BC80-FC7E49D820A6}.Release|Any CPU.Build.0 = Release|Any CPU
		{7C827316-307F-436D-83AF-ADFBABEFF9C7}.Debug|Any CPU.ActiveCfg = Debug|Any CPU
		{7C827316-307F-436D-83AF-ADFBABEFF9C7}.Debug|Any CPU.Build.0 = Debug|Any CPU
		{7C827316-307F-436D-83AF-ADFBABEFF9C7}.Release|Any CPU.ActiveCfg = Release|Any CPU
		{7C827316-307F-436D-83AF-ADFBABEFF9C7}.Release|Any CPU.Build.0 = Release|Any CPU
		{F1886770-2888-4F43-8907-47110338903B}.Debug|Any CPU.ActiveCfg = Debug|Any CPU
		{F1886770-2888-4F43-8907-47110338903B}.Debug|Any CPU.Build.0 = Debug|Any CPU
		{F1886770-2888-4F43-8907-47110338903B}.Release|Any CPU.ActiveCfg = Release|Any CPU
		{F1886770-2888-4F43-8907-47110338903B}.Release|Any CPU.Build.0 = Release|Any CPU
		{2ED9736E-90D4-405E-B189-3C6E333E1522}.Debug|Any CPU.ActiveCfg = Debug|Any CPU
		{2ED9736E-90D4-405E-B189-3C6E333E1522}.Debug|Any CPU.Build.0 = Debug|Any CPU
		{2ED9736E-90D4-405E-B189-3C6E333E1522}.Release|Any CPU.ActiveCfg = Release|Any CPU
		{2ED9736E-90D4-405E-B189-3C6E333E1522}.Release|Any CPU.Build.0 = Release|Any CPU
		{553F618C-DEEA-4391-9047-AE7203A72ADF}.Debug|Any CPU.ActiveCfg = Debug|Any CPU
		{553F618C-DEEA-4391-9047-AE7203A72ADF}.Debug|Any CPU.Build.0 = Debug|Any CPU
		{553F618C-DEEA-4391-9047-AE7203A72ADF}.Release|Any CPU.ActiveCfg = Release|Any CPU
		{553F618C-DEEA-4391-9047-AE7203A72ADF}.Release|Any CPU.Build.0 = Release|Any CPU
	EndGlobalSection
	GlobalSection(SolutionProperties) = preSolution
		HideSolutionNode = FALSE
	EndGlobalSection
EndGlobal
