
Microsoft Visual Studio Solution File, Format Version 12.00
# Visual Studio 14
VisualStudioVersion = 14.0.23107.0
MinimumVisualStudioVersion = 10.0.40219.1
Project("{FAE04EC0-301F-11D3-BF4B-00C04F79EFBC}") = "01.SumAndAverage", "01.SumAndAverage\01.SumAndAverage.csproj", "{E482BD27-3303-4E61-9764-2FF519294BC0}"
EndProject
Project("{FAE04EC0-301F-11D3-BF4B-00C04F79EFBC}") = "02.ReverseStack", "02.ReverseStack\02.ReverseStack.csproj", "{3C13058B-EFC8-49DD-B9E2-7A3DBEE1104C}"
EndProject
Project("{FAE04EC0-301F-11D3-BF4B-00C04F79EFBC}") = "03.SortIncreasing", "03.SortIncreasing\03.SortIncreasing.csproj", "{0B7A8582-1B92-4056-B133-B95AC11A0BD1}"
EndProject
Project("{FAE04EC0-301F-11D3-BF4B-00C04F79EFBC}") = "04.LongestSequenceEqualNumbers", "04.LongestSequenceEqualNumbers\04.LongestSequenceEqualNumbers.csproj", "{58B1203C-4F81-4A05-B555-D024941779FC}"
EndProject
Project("{FAE04EC0-301F-11D3-BF4B-00C04F79EFBC}") = "05.RemoveNegatives", "05.RemoveNegatives\05.RemoveNegatives.csproj", "{D0372A81-2680-4854-8AB3-735B21CFF242}"
EndProject
Project("{FAE04EC0-301F-11D3-BF4B-00C04F79EFBC}") = "06.RemoveOddNumberOccurrences", "06.RemoveOddNumberOccurences\06.RemoveOddNumberOccurrences.csproj", "{4DE3F8DE-D121-412D-9A55-DA5FA4E9AF64}"
EndProject
Project("{FAE04EC0-301F-11D3-BF4B-00C04F79EFBC}") = "07.FindNumbersOccurrences", "07.FindNumbersOccurrences\07.FindNumbersOccurrences.csproj", "{5D845C39-26F1-4B9B-9778-A9CDC4CB8FA3}"
EndProject
Project("{FAE04EC0-301F-11D3-BF4B-00C04F79EFBC}") = "09.First50MembersQueue", "09.First50MembersQueue\09.First50MembersQueue.csproj", "{CE11D451-E228-44B2-884A-4255DACC60A5}"
EndProject
Project("{FAE04EC0-301F-11D3-BF4B-00C04F79EFBC}") = "10.ShortestOperationsSequence", "10.ShortestOperationsSequence\10.ShortestOperationsSequence.csproj", "{5BC6BA5D-E9CA-4CB0-9373-42683122D1F9}"
EndProject
Project("{FAE04EC0-301F-11D3-BF4B-00C04F79EFBC}") = "11.LinkedListImplementation", "11.LinkedListImplementation\11.LinkedListImplementation.csproj", "{B0423C8C-9C88-4CE7-90AE-420BB6631789}"
EndProject
Project("{FAE04EC0-301F-11D3-BF4B-00C04F79EFBC}") = "12.StackImplementation", "12.StackImplementation\12.StackImplementation.csproj", "{5ED11663-901F-4D1E-96FA-2876BCF69B1B}"
EndProject
Project("{FAE04EC0-301F-11D3-BF4B-00C04F79EFBC}") = "13.QueueImplementation", "13.QueueImplementation\13.QueueImplementation.csproj", "{7245DBFB-D749-46A3-84B1-F7F63470D7C7}"
EndProject
Project("{FAE04EC0-301F-11D3-BF4B-00C04F79EFBC}") = "14.Labyrinth", "14.Labyrinth\14.Labyrinth.csproj", "{3B0A52AF-A458-4A9E-9102-3F4B02B112C5}"
EndProject
Project("{FAE04EC0-301F-11D3-BF4B-00C04F79EFBC}") = "08.ArrayMajorant", "08.ArrayMajorant\08.ArrayMajorant.csproj", "{1D03F08A-A9C8-43B1-85F7-821C6DCBD804}"
EndProject
Global
	GlobalSection(SolutionConfigurationPlatforms) = preSolution
		Debug|Any CPU = Debug|Any CPU
		Debug|ARM = Debug|ARM
		Debug|x64 = Debug|x64
		Debug|x86 = Debug|x86
		Release|Any CPU = Release|Any CPU
		Release|ARM = Release|ARM
		Release|x64 = Release|x64
		Release|x86 = Release|x86
	EndGlobalSection
	GlobalSection(ProjectConfigurationPlatforms) = postSolution
		{E482BD27-3303-4E61-9764-2FF519294BC0}.Debug|Any CPU.ActiveCfg = Debug|x86
		{E482BD27-3303-4E61-9764-2FF519294BC0}.Debug|ARM.ActiveCfg = Debug|x86
		{E482BD27-3303-4E61-9764-2FF519294BC0}.Debug|x64.ActiveCfg = Debug|x86
		{E482BD27-3303-4E61-9764-2FF519294BC0}.Debug|x86.ActiveCfg = Debug|x86
		{E482BD27-3303-4E61-9764-2FF519294BC0}.Debug|x86.Build.0 = Debug|x86
		{E482BD27-3303-4E61-9764-2FF519294BC0}.Release|Any CPU.ActiveCfg = Release|x86
		{E482BD27-3303-4E61-9764-2FF519294BC0}.Release|ARM.ActiveCfg = Release|x86
		{E482BD27-3303-4E61-9764-2FF519294BC0}.Release|x64.ActiveCfg = Release|x86
		{E482BD27-3303-4E61-9764-2FF519294BC0}.Release|x86.ActiveCfg = Release|x86
		{E482BD27-3303-4E61-9764-2FF519294BC0}.Release|x86.Build.0 = Release|x86
		{3C13058B-EFC8-49DD-B9E2-7A3DBEE1104C}.Debug|Any CPU.ActiveCfg = Debug|x86
		{3C13058B-EFC8-49DD-B9E2-7A3DBEE1104C}.Debug|ARM.ActiveCfg = Debug|x86
		{3C13058B-EFC8-49DD-B9E2-7A3DBEE1104C}.Debug|x64.ActiveCfg = Debug|x86
		{3C13058B-EFC8-49DD-B9E2-7A3DBEE1104C}.Debug|x86.ActiveCfg = Debug|x86
		{3C13058B-EFC8-49DD-B9E2-7A3DBEE1104C}.Debug|x86.Build.0 = Debug|x86
		{3C13058B-EFC8-49DD-B9E2-7A3DBEE1104C}.Release|Any CPU.ActiveCfg = Release|x86
		{3C13058B-EFC8-49DD-B9E2-7A3DBEE1104C}.Release|ARM.ActiveCfg = Release|x86
		{3C13058B-EFC8-49DD-B9E2-7A3DBEE1104C}.Release|x64.ActiveCfg = Release|x86
		{3C13058B-EFC8-49DD-B9E2-7A3DBEE1104C}.Release|x86.ActiveCfg = Release|x86
		{3C13058B-EFC8-49DD-B9E2-7A3DBEE1104C}.Release|x86.Build.0 = Release|x86
		{0B7A8582-1B92-4056-B133-B95AC11A0BD1}.Debug|Any CPU.ActiveCfg = Debug|x86
		{0B7A8582-1B92-4056-B133-B95AC11A0BD1}.Debug|ARM.ActiveCfg = Debug|x86
		{0B7A8582-1B92-4056-B133-B95AC11A0BD1}.Debug|x64.ActiveCfg = Debug|x86
		{0B7A8582-1B92-4056-B133-B95AC11A0BD1}.Debug|x86.ActiveCfg = Debug|x86
		{0B7A8582-1B92-4056-B133-B95AC11A0BD1}.Debug|x86.Build.0 = Debug|x86
		{0B7A8582-1B92-4056-B133-B95AC11A0BD1}.Release|Any CPU.ActiveCfg = Release|x86
		{0B7A8582-1B92-4056-B133-B95AC11A0BD1}.Release|ARM.ActiveCfg = Release|x86
		{0B7A8582-1B92-4056-B133-B95AC11A0BD1}.Release|x64.ActiveCfg = Release|x86
		{0B7A8582-1B92-4056-B133-B95AC11A0BD1}.Release|x86.ActiveCfg = Release|x86
		{0B7A8582-1B92-4056-B133-B95AC11A0BD1}.Release|x86.Build.0 = Release|x86
		{58B1203C-4F81-4A05-B555-D024941779FC}.Debug|Any CPU.ActiveCfg = Debug|x86
		{58B1203C-4F81-4A05-B555-D024941779FC}.Debug|ARM.ActiveCfg = Debug|x86
		{58B1203C-4F81-4A05-B555-D024941779FC}.Debug|x64.ActiveCfg = Debug|x86
		{58B1203C-4F81-4A05-B555-D024941779FC}.Debug|x86.ActiveCfg = Debug|x86
		{58B1203C-4F81-4A05-B555-D024941779FC}.Debug|x86.Build.0 = Debug|x86
		{58B1203C-4F81-4A05-B555-D024941779FC}.Release|Any CPU.ActiveCfg = Release|x86
		{58B1203C-4F81-4A05-B555-D024941779FC}.Release|ARM.ActiveCfg = Release|x86
		{58B1203C-4F81-4A05-B555-D024941779FC}.Release|x64.ActiveCfg = Release|x86
		{58B1203C-4F81-4A05-B555-D024941779FC}.Release|x86.ActiveCfg = Release|x86
		{58B1203C-4F81-4A05-B555-D024941779FC}.Release|x86.Build.0 = Release|x86
		{D0372A81-2680-4854-8AB3-735B21CFF242}.Debug|Any CPU.ActiveCfg = Debug|x86
		{D0372A81-2680-4854-8AB3-735B21CFF242}.Debug|ARM.ActiveCfg = Debug|x86
		{D0372A81-2680-4854-8AB3-735B21CFF242}.Debug|x64.ActiveCfg = Debug|x86
		{D0372A81-2680-4854-8AB3-735B21CFF242}.Debug|x86.ActiveCfg = Debug|x86
		{D0372A81-2680-4854-8AB3-735B21CFF242}.Debug|x86.Build.0 = Debug|x86
		{D0372A81-2680-4854-8AB3-735B21CFF242}.Release|Any CPU.ActiveCfg = Release|x86
		{D0372A81-2680-4854-8AB3-735B21CFF242}.Release|ARM.ActiveCfg = Release|x86
		{D0372A81-2680-4854-8AB3-735B21CFF242}.Release|x64.ActiveCfg = Release|x86
		{D0372A81-2680-4854-8AB3-735B21CFF242}.Release|x86.ActiveCfg = Release|x86
		{D0372A81-2680-4854-8AB3-735B21CFF242}.Release|x86.Build.0 = Release|x86
		{4DE3F8DE-D121-412D-9A55-DA5FA4E9AF64}.Debug|Any CPU.ActiveCfg = Debug|x86
		{4DE3F8DE-D121-412D-9A55-DA5FA4E9AF64}.Debug|ARM.ActiveCfg = Debug|x86
		{4DE3F8DE-D121-412D-9A55-DA5FA4E9AF64}.Debug|x64.ActiveCfg = Debug|x86
		{4DE3F8DE-D121-412D-9A55-DA5FA4E9AF64}.Debug|x86.ActiveCfg = Debug|x86
		{4DE3F8DE-D121-412D-9A55-DA5FA4E9AF64}.Debug|x86.Build.0 = Debug|x86
		{4DE3F8DE-D121-412D-9A55-DA5FA4E9AF64}.Release|Any CPU.ActiveCfg = Release|x86
		{4DE3F8DE-D121-412D-9A55-DA5FA4E9AF64}.Release|ARM.ActiveCfg = Release|x86
		{4DE3F8DE-D121-412D-9A55-DA5FA4E9AF64}.Release|x64.ActiveCfg = Release|x86
		{4DE3F8DE-D121-412D-9A55-DA5FA4E9AF64}.Release|x86.ActiveCfg = Release|x86
		{4DE3F8DE-D121-412D-9A55-DA5FA4E9AF64}.Release|x86.Build.0 = Release|x86
		{5D845C39-26F1-4B9B-9778-A9CDC4CB8FA3}.Debug|Any CPU.ActiveCfg = Debug|x86
		{5D845C39-26F1-4B9B-9778-A9CDC4CB8FA3}.Debug|ARM.ActiveCfg = Debug|x86
		{5D845C39-26F1-4B9B-9778-A9CDC4CB8FA3}.Debug|x64.ActiveCfg = Debug|x86
		{5D845C39-26F1-4B9B-9778-A9CDC4CB8FA3}.Debug|x86.ActiveCfg = Debug|x86
		{5D845C39-26F1-4B9B-9778-A9CDC4CB8FA3}.Debug|x86.Build.0 = Debug|x86
		{5D845C39-26F1-4B9B-9778-A9CDC4CB8FA3}.Release|Any CPU.ActiveCfg = Release|x86
		{5D845C39-26F1-4B9B-9778-A9CDC4CB8FA3}.Release|ARM.ActiveCfg = Release|x86
		{5D845C39-26F1-4B9B-9778-A9CDC4CB8FA3}.Release|x64.ActiveCfg = Release|x86
		{5D845C39-26F1-4B9B-9778-A9CDC4CB8FA3}.Release|x86.ActiveCfg = Release|x86
		{5D845C39-26F1-4B9B-9778-A9CDC4CB8FA3}.Release|x86.Build.0 = Release|x86
		{CE11D451-E228-44B2-884A-4255DACC60A5}.Debug|Any CPU.ActiveCfg = Debug|x86
		{CE11D451-E228-44B2-884A-4255DACC60A5}.Debug|ARM.ActiveCfg = Debug|x86
		{CE11D451-E228-44B2-884A-4255DACC60A5}.Debug|x64.ActiveCfg = Debug|x86
		{CE11D451-E228-44B2-884A-4255DACC60A5}.Debug|x86.ActiveCfg = Debug|x86
		{CE11D451-E228-44B2-884A-4255DACC60A5}.Debug|x86.Build.0 = Debug|x86
		{CE11D451-E228-44B2-884A-4255DACC60A5}.Release|Any CPU.ActiveCfg = Release|x86
		{CE11D451-E228-44B2-884A-4255DACC60A5}.Release|ARM.ActiveCfg = Release|x86
		{CE11D451-E228-44B2-884A-4255DACC60A5}.Release|x64.ActiveCfg = Release|x86
		{CE11D451-E228-44B2-884A-4255DACC60A5}.Release|x86.ActiveCfg = Release|x86
		{CE11D451-E228-44B2-884A-4255DACC60A5}.Release|x86.Build.0 = Release|x86
		{5BC6BA5D-E9CA-4CB0-9373-42683122D1F9}.Debug|Any CPU.ActiveCfg = Debug|x86
		{5BC6BA5D-E9CA-4CB0-9373-42683122D1F9}.Debug|ARM.ActiveCfg = Debug|x86
		{5BC6BA5D-E9CA-4CB0-9373-42683122D1F9}.Debug|x64.ActiveCfg = Debug|x86
		{5BC6BA5D-E9CA-4CB0-9373-42683122D1F9}.Debug|x86.ActiveCfg = Debug|x86
		{5BC6BA5D-E9CA-4CB0-9373-42683122D1F9}.Debug|x86.Build.0 = Debug|x86
		{5BC6BA5D-E9CA-4CB0-9373-42683122D1F9}.Release|Any CPU.ActiveCfg = Release|x86
		{5BC6BA5D-E9CA-4CB0-9373-42683122D1F9}.Release|ARM.ActiveCfg = Release|x86
		{5BC6BA5D-E9CA-4CB0-9373-42683122D1F9}.Release|x64.ActiveCfg = Release|x86
		{5BC6BA5D-E9CA-4CB0-9373-42683122D1F9}.Release|x86.ActiveCfg = Release|x86
		{5BC6BA5D-E9CA-4CB0-9373-42683122D1F9}.Release|x86.Build.0 = Release|x86
		{B0423C8C-9C88-4CE7-90AE-420BB6631789}.Debug|Any CPU.ActiveCfg = Debug|x86
		{B0423C8C-9C88-4CE7-90AE-420BB6631789}.Debug|ARM.ActiveCfg = Debug|x86
		{B0423C8C-9C88-4CE7-90AE-420BB6631789}.Debug|x64.ActiveCfg = Debug|x86
		{B0423C8C-9C88-4CE7-90AE-420BB6631789}.Debug|x86.ActiveCfg = Debug|x86
		{B0423C8C-9C88-4CE7-90AE-420BB6631789}.Debug|x86.Build.0 = Debug|x86
		{B0423C8C-9C88-4CE7-90AE-420BB6631789}.Release|Any CPU.ActiveCfg = Release|x86
		{B0423C8C-9C88-4CE7-90AE-420BB6631789}.Release|ARM.ActiveCfg = Release|x86
		{B0423C8C-9C88-4CE7-90AE-420BB6631789}.Release|x64.ActiveCfg = Release|x86
		{B0423C8C-9C88-4CE7-90AE-420BB6631789}.Release|x86.ActiveCfg = Release|x86
		{B0423C8C-9C88-4CE7-90AE-420BB6631789}.Release|x86.Build.0 = Release|x86
		{5ED11663-901F-4D1E-96FA-2876BCF69B1B}.Debug|Any CPU.ActiveCfg = Debug|Any CPU
		{5ED11663-901F-4D1E-96FA-2876BCF69B1B}.Debug|Any CPU.Build.0 = Debug|Any CPU
		{5ED11663-901F-4D1E-96FA-2876BCF69B1B}.Debug|ARM.ActiveCfg = Debug|Any CPU
		{5ED11663-901F-4D1E-96FA-2876BCF69B1B}.Debug|ARM.Build.0 = Debug|Any CPU
		{5ED11663-901F-4D1E-96FA-2876BCF69B1B}.Debug|x64.ActiveCfg = Debug|Any CPU
		{5ED11663-901F-4D1E-96FA-2876BCF69B1B}.Debug|x64.Build.0 = Debug|Any CPU
		{5ED11663-901F-4D1E-96FA-2876BCF69B1B}.Debug|x86.ActiveCfg = Debug|Any CPU
		{5ED11663-901F-4D1E-96FA-2876BCF69B1B}.Debug|x86.Build.0 = Debug|Any CPU
		{5ED11663-901F-4D1E-96FA-2876BCF69B1B}.Release|Any CPU.ActiveCfg = Release|Any CPU
		{5ED11663-901F-4D1E-96FA-2876BCF69B1B}.Release|Any CPU.Build.0 = Release|Any CPU
		{5ED11663-901F-4D1E-96FA-2876BCF69B1B}.Release|ARM.ActiveCfg = Release|Any CPU
		{5ED11663-901F-4D1E-96FA-2876BCF69B1B}.Release|ARM.Build.0 = Release|Any CPU
		{5ED11663-901F-4D1E-96FA-2876BCF69B1B}.Release|x64.ActiveCfg = Release|Any CPU
		{5ED11663-901F-4D1E-96FA-2876BCF69B1B}.Release|x64.Build.0 = Release|Any CPU
		{5ED11663-901F-4D1E-96FA-2876BCF69B1B}.Release|x86.ActiveCfg = Release|Any CPU
		{5ED11663-901F-4D1E-96FA-2876BCF69B1B}.Release|x86.Build.0 = Release|Any CPU
		{7245DBFB-D749-46A3-84B1-F7F63470D7C7}.Debug|Any CPU.ActiveCfg = Debug|Any CPU
		{7245DBFB-D749-46A3-84B1-F7F63470D7C7}.Debug|Any CPU.Build.0 = Debug|Any CPU
		{7245DBFB-D749-46A3-84B1-F7F63470D7C7}.Debug|ARM.ActiveCfg = Debug|Any CPU
		{7245DBFB-D749-46A3-84B1-F7F63470D7C7}.Debug|ARM.Build.0 = Debug|Any CPU
		{7245DBFB-D749-46A3-84B1-F7F63470D7C7}.Debug|x64.ActiveCfg = Debug|Any CPU
		{7245DBFB-D749-46A3-84B1-F7F63470D7C7}.Debug|x64.Build.0 = Debug|Any CPU
		{7245DBFB-D749-46A3-84B1-F7F63470D7C7}.Debug|x86.ActiveCfg = Debug|Any CPU
		{7245DBFB-D749-46A3-84B1-F7F63470D7C7}.Debug|x86.Build.0 = Debug|Any CPU
		{7245DBFB-D749-46A3-84B1-F7F63470D7C7}.Release|Any CPU.ActiveCfg = Release|Any CPU
		{7245DBFB-D749-46A3-84B1-F7F63470D7C7}.Release|Any CPU.Build.0 = Release|Any CPU
		{7245DBFB-D749-46A3-84B1-F7F63470D7C7}.Release|ARM.ActiveCfg = Release|Any CPU
		{7245DBFB-D749-46A3-84B1-F7F63470D7C7}.Release|ARM.Build.0 = Release|Any CPU
		{7245DBFB-D749-46A3-84B1-F7F63470D7C7}.Release|x64.ActiveCfg = Release|Any CPU
		{7245DBFB-D749-46A3-84B1-F7F63470D7C7}.Release|x64.Build.0 = Release|Any CPU
		{7245DBFB-D749-46A3-84B1-F7F63470D7C7}.Release|x86.ActiveCfg = Release|Any CPU
		{7245DBFB-D749-46A3-84B1-F7F63470D7C7}.Release|x86.Build.0 = Release|Any CPU
		{3B0A52AF-A458-4A9E-9102-3F4B02B112C5}.Debug|Any CPU.ActiveCfg = Debug|Any CPU
		{3B0A52AF-A458-4A9E-9102-3F4B02B112C5}.Debug|Any CPU.Build.0 = Debug|Any CPU
		{3B0A52AF-A458-4A9E-9102-3F4B02B112C5}.Debug|ARM.ActiveCfg = Debug|Any CPU
		{3B0A52AF-A458-4A9E-9102-3F4B02B112C5}.Debug|ARM.Build.0 = Debug|Any CPU
		{3B0A52AF-A458-4A9E-9102-3F4B02B112C5}.Debug|x64.ActiveCfg = Debug|Any CPU
		{3B0A52AF-A458-4A9E-9102-3F4B02B112C5}.Debug|x64.Build.0 = Debug|Any CPU
		{3B0A52AF-A458-4A9E-9102-3F4B02B112C5}.Debug|x86.ActiveCfg = Debug|Any CPU
		{3B0A52AF-A458-4A9E-9102-3F4B02B112C5}.Debug|x86.Build.0 = Debug|Any CPU
		{3B0A52AF-A458-4A9E-9102-3F4B02B112C5}.Release|Any CPU.ActiveCfg = Release|Any CPU
		{3B0A52AF-A458-4A9E-9102-3F4B02B112C5}.Release|Any CPU.Build.0 = Release|Any CPU
		{3B0A52AF-A458-4A9E-9102-3F4B02B112C5}.Release|ARM.ActiveCfg = Release|Any CPU
		{3B0A52AF-A458-4A9E-9102-3F4B02B112C5}.Release|ARM.Build.0 = Release|Any CPU
		{3B0A52AF-A458-4A9E-9102-3F4B02B112C5}.Release|x64.ActiveCfg = Release|Any CPU
		{3B0A52AF-A458-4A9E-9102-3F4B02B112C5}.Release|x64.Build.0 = Release|Any CPU
		{3B0A52AF-A458-4A9E-9102-3F4B02B112C5}.Release|x86.ActiveCfg = Release|Any CPU
		{3B0A52AF-A458-4A9E-9102-3F4B02B112C5}.Release|x86.Build.0 = Release|Any CPU
		{1D03F08A-A9C8-43B1-85F7-821C6DCBD804}.Debug|Any CPU.ActiveCfg = Debug|Any CPU
		{1D03F08A-A9C8-43B1-85F7-821C6DCBD804}.Debug|Any CPU.Build.0 = Debug|Any CPU
		{1D03F08A-A9C8-43B1-85F7-821C6DCBD804}.Debug|ARM.ActiveCfg = Debug|Any CPU
		{1D03F08A-A9C8-43B1-85F7-821C6DCBD804}.Debug|ARM.Build.0 = Debug|Any CPU
		{1D03F08A-A9C8-43B1-85F7-821C6DCBD804}.Debug|x64.ActiveCfg = Debug|Any CPU
		{1D03F08A-A9C8-43B1-85F7-821C6DCBD804}.Debug|x64.Build.0 = Debug|Any CPU
		{1D03F08A-A9C8-43B1-85F7-821C6DCBD804}.Debug|x86.ActiveCfg = Debug|Any CPU
		{1D03F08A-A9C8-43B1-85F7-821C6DCBD804}.Debug|x86.Build.0 = Debug|Any CPU
		{1D03F08A-A9C8-43B1-85F7-821C6DCBD804}.Release|Any CPU.ActiveCfg = Release|Any CPU
		{1D03F08A-A9C8-43B1-85F7-821C6DCBD804}.Release|Any CPU.Build.0 = Release|Any CPU
		{1D03F08A-A9C8-43B1-85F7-821C6DCBD804}.Release|ARM.ActiveCfg = Release|Any CPU
		{1D03F08A-A9C8-43B1-85F7-821C6DCBD804}.Release|ARM.Build.0 = Release|Any CPU
		{1D03F08A-A9C8-43B1-85F7-821C6DCBD804}.Release|x64.ActiveCfg = Release|Any CPU
		{1D03F08A-A9C8-43B1-85F7-821C6DCBD804}.Release|x64.Build.0 = Release|Any CPU
		{1D03F08A-A9C8-43B1-85F7-821C6DCBD804}.Release|x86.ActiveCfg = Release|Any CPU
		{1D03F08A-A9C8-43B1-85F7-821C6DCBD804}.Release|x86.Build.0 = Release|Any CPU
	EndGlobalSection
	GlobalSection(SolutionProperties) = preSolution
		HideSolutionNode = FALSE
	EndGlobalSection
EndGlobal
