
Microsoft Visual Studio Solution File, Format Version 12.00
# Visual Studio 14
VisualStudioVersion = 14.0.23107.0
MinimumVisualStudioVersion = 10.0.40219.1
Project("{FAE04EC0-301F-11D3-BF4B-00C04F79EFBC}") = "01.PriorityQueueImplementation", "01.PriorityQueueImplementation\01.PriorityQueueImplementation.csproj", "{0C54E1BE-E128-48AE-ACD1-449690D6DD0B}"
EndProject
Project("{FAE04EC0-301F-11D3-BF4B-00C04F79EFBC}") = "01.PriorityQueueImplementation.Tests", "01.PriorityQueueImplementation.Tests\01.PriorityQueueImplementation.Tests.csproj", "{EEA428A6-076F-4187-98AC-F188227224F1}"
EndProject
Project("{FAE04EC0-301F-11D3-BF4B-00C04F79EFBC}") = "02.ProductsCollection", "02.ProductsCollection\02.ProductsCollection.csproj", "{75E96FA0-30EB-46AA-A264-6E1CEF3CBD6D}"
EndProject
Project("{FAE04EC0-301F-11D3-BF4B-00C04F79EFBC}") = "03.LargeLoremIpsum", "03.LargeLoremIpsum\03.LargeLoremIpsum.csproj", "{9193DA71-D079-4740-970F-D04F714C29A1}"
EndProject
Global
	GlobalSection(SolutionConfigurationPlatforms) = preSolution
		Debug|Any CPU = Debug|Any CPU
		Release|Any CPU = Release|Any CPU
	EndGlobalSection
	GlobalSection(ProjectConfigurationPlatforms) = postSolution
		{0C54E1BE-E128-48AE-ACD1-449690D6DD0B}.Debug|Any CPU.ActiveCfg = Debug|Any CPU
		{0C54E1BE-E128-48AE-ACD1-449690D6DD0B}.Debug|Any CPU.Build.0 = Debug|Any CPU
		{0C54E1BE-E128-48AE-ACD1-449690D6DD0B}.Release|Any CPU.ActiveCfg = Release|Any CPU
		{0C54E1BE-E128-48AE-ACD1-449690D6DD0B}.Release|Any CPU.Build.0 = Release|Any CPU
		{EEA428A6-076F-4187-98AC-F188227224F1}.Debug|Any CPU.ActiveCfg = Debug|Any CPU
		{EEA428A6-076F-4187-98AC-F188227224F1}.Debug|Any CPU.Build.0 = Debug|Any CPU
		{EEA428A6-076F-4187-98AC-F188227224F1}.Release|Any CPU.ActiveCfg = Release|Any CPU
		{EEA428A6-076F-4187-98AC-F188227224F1}.Release|Any CPU.Build.0 = Release|Any CPU
		{75E96FA0-30EB-46AA-A264-6E1CEF3CBD6D}.Debug|Any CPU.ActiveCfg = Debug|Any CPU
		{75E96FA0-30EB-46AA-A264-6E1CEF3CBD6D}.Debug|Any CPU.Build.0 = Debug|Any CPU
		{75E96FA0-30EB-46AA-A264-6E1CEF3CBD6D}.Release|Any CPU.ActiveCfg = Release|Any CPU
		{75E96FA0-30EB-46AA-A264-6E1CEF3CBD6D}.Release|Any CPU.Build.0 = Release|Any CPU
		{9193DA71-D079-4740-970F-D04F714C29A1}.Debug|Any CPU.ActiveCfg = Debug|Any CPU
		{9193DA71-D079-4740-970F-D04F714C29A1}.Debug|Any CPU.Build.0 = Debug|Any CPU
		{9193DA71-D079-4740-970F-D04F714C29A1}.Release|Any CPU.ActiveCfg = Release|Any CPU
		{9193DA71-D079-4740-970F-D04F714C29A1}.Release|Any CPU.Build.0 = Release|Any CPU
	EndGlobalSection
	GlobalSection(SolutionProperties) = preSolution
		HideSolutionNode = FALSE
	EndGlobalSection
EndGlobal
