
Microsoft Visual Studio Solution File, Format Version 12.00
# Visual Studio 2013
VisualStudioVersion = 12.0.31101.0
MinimumVisualStudioVersion = 10.0.40219.1
Project("{FAE04EC0-301F-11D3-BF4B-00C04F79EFBC}") = "EventsConsoleApplication", "EventsConsoleApplication\EventsConsoleApplication.csproj", "{49A1B8BD-2C1A-4674-BD19-0521D3A517E7}"
EndProject
Project("{2150E333-8FDC-42A3-9474-1A3956D46DE8}") = "Task01-Formatting-C", "Task01-Formatting-C", "{A007102B-EDDF-4FAE-AF89-6DDFA5011DD8}"
EndProject
Project("{2150E333-8FDC-42A3-9474-1A3956D46DE8}") = "Task02-Formatting-JavaScript", "Task02-Formatting-JavaScript", "{E36799E5-773A-4F33-8805-7764D5CEFE4C}"
	ProjectSection(SolutionItems) = preProject
		code.js = code.js
	EndProjectSection
EndProject
Global
	GlobalSection(SolutionConfigurationPlatforms) = preSolution
		Debug|Any CPU = Debug|Any CPU
		Release|Any CPU = Release|Any CPU
	EndGlobalSection
	GlobalSection(ProjectConfigurationPlatforms) = postSolution
		{49A1B8BD-2C1A-4674-BD19-0521D3A517E7}.Debug|Any CPU.ActiveCfg = Debug|Any CPU
		{49A1B8BD-2C1A-4674-BD19-0521D3A517E7}.Debug|Any CPU.Build.0 = Debug|Any CPU
		{49A1B8BD-2C1A-4674-BD19-0521D3A517E7}.Release|Any CPU.ActiveCfg = Release|Any CPU
		{49A1B8BD-2C1A-4674-BD19-0521D3A517E7}.Release|Any CPU.Build.0 = Release|Any CPU
	EndGlobalSection
	GlobalSection(SolutionProperties) = preSolution
		HideSolutionNode = FALSE
	EndGlobalSection
	GlobalSection(NestedProjects) = preSolution
		{49A1B8BD-2C1A-4674-BD19-0521D3A517E7} = {A007102B-EDDF-4FAE-AF89-6DDFA5011DD8}
	EndGlobalSection
EndGlobal
