
Microsoft Visual Studio Solution File, Format Version 12.00
# Visual Studio 2013
VisualStudioVersion = 12.0.31101.0
MinimumVisualStudioVersion = 10.0.40219.1
Project("{FAE04EC0-301F-11D3-BF4B-00C04F79EFBC}") = "01SayHello", "01SayHello\01SayHello.csproj", "{A606FF5E-1418-4DD7-BC63-8858C732F8D8}"
EndProject
Project("{FAE04EC0-301F-11D3-BF4B-00C04F79EFBC}") = "02GetLargestNumber", "02GetLargestNumber\02GetLargestNumber.csproj", "{3DAB599E-D838-4597-9395-5A8ADD7411B5}"
EndProject
Project("{FAE04EC0-301F-11D3-BF4B-00C04F79EFBC}") = "03EnglishDigit", "03EnglishDigit\03EnglishDigit.csproj", "{E538A548-DC95-4AB0-9406-6540300BB068}"
EndProject
Project("{FAE04EC0-301F-11D3-BF4B-00C04F79EFBC}") = "04AppearanceCount", "04AppearanceCount\04AppearanceCount.csproj", "{E2C52D82-F77C-4DAE-A319-54D7A9B46385}"
EndProject
Project("{FAE04EC0-301F-11D3-BF4B-00C04F79EFBC}") = "05LargerThanNeighbours", "05LargerThanNeighbours\05LargerThanNeighbours.csproj", "{E53EF67C-C231-48BA-B73F-90E01A813C6A}"
EndProject
Project("{FAE04EC0-301F-11D3-BF4B-00C04F79EFBC}") = "06FirstLargerThanNeighbours", "06FirstLargerThanNeighbours\06FirstLargerThanNeighbours.csproj", "{D3C31A4F-1B7C-4ED1-9D39-FD33E3CF7B62}"
EndProject
Project("{FAE04EC0-301F-11D3-BF4B-00C04F79EFBC}") = "07ReverseNumber", "07ReverseNumber\07ReverseNumber.csproj", "{13472E97-14D8-4DA6-93E3-6A03F479E285}"
EndProject
Project("{FAE04EC0-301F-11D3-BF4B-00C04F79EFBC}") = "08NumberAsArray", "08NumberAsArray\08NumberAsArray.csproj", "{2A229D17-5CDB-497A-A856-C27234BB2F28}"
EndProject
Project("{FAE04EC0-301F-11D3-BF4B-00C04F79EFBC}") = "09SortingArray", "09SortingArray\09SortingArray.csproj", "{AAAA5835-6016-4C15-BDF7-7A81C45E31C6}"
EndProject
Project("{FAE04EC0-301F-11D3-BF4B-00C04F79EFBC}") = "10NFactorial", "10NFactorial\10NFactorial.csproj", "{8C16F38C-4ED0-4F01-AB6F-260AD017BECE}"
EndProject
Project("{FAE04EC0-301F-11D3-BF4B-00C04F79EFBC}") = "11AddingPolynomials", "11AddingPolynomials\11AddingPolynomials.csproj", "{0F05BA3B-AED9-48FF-A77B-003A04FDCB3B}"
EndProject
Project("{FAE04EC0-301F-11D3-BF4B-00C04F79EFBC}") = "12SubtractingPolynomials", "12SubtractingPolynomials\12SubtractingPolynomials.csproj", "{B714DBDA-B0E1-4B27-A298-B2C1AB8EB255}"
EndProject
Project("{FAE04EC0-301F-11D3-BF4B-00C04F79EFBC}") = "13SolveTasks", "13SolveTasks\13SolveTasks.csproj", "{086A343C-B479-4FCE-80A9-F4BF547C0BA7}"
EndProject
Project("{FAE04EC0-301F-11D3-BF4B-00C04F79EFBC}") = "14IntegerCalculations", "14IntegerCalculations\14IntegerCalculations.csproj", "{E2A0E2B9-8476-4471-B869-85A7EBE83ED4}"
EndProject
Project("{FAE04EC0-301F-11D3-BF4B-00C04F79EFBC}") = "15NumberCalculations", "15NumberCalculations\15NumberCalculations.csproj", "{006C5277-B70F-4E94-AEEA-641849DABB60}"
EndProject
Global
	GlobalSection(SolutionConfigurationPlatforms) = preSolution
		Debug|Any CPU = Debug|Any CPU
		Release|Any CPU = Release|Any CPU
	EndGlobalSection
	GlobalSection(ProjectConfigurationPlatforms) = postSolution
		{A606FF5E-1418-4DD7-BC63-8858C732F8D8}.Debug|Any CPU.ActiveCfg = Debug|Any CPU
		{A606FF5E-1418-4DD7-BC63-8858C732F8D8}.Debug|Any CPU.Build.0 = Debug|Any CPU
		{A606FF5E-1418-4DD7-BC63-8858C732F8D8}.Release|Any CPU.ActiveCfg = Release|Any CPU
		{A606FF5E-1418-4DD7-BC63-8858C732F8D8}.Release|Any CPU.Build.0 = Release|Any CPU
		{3DAB599E-D838-4597-9395-5A8ADD7411B5}.Debug|Any CPU.ActiveCfg = Debug|Any CPU
		{3DAB599E-D838-4597-9395-5A8ADD7411B5}.Debug|Any CPU.Build.0 = Debug|Any CPU
		{3DAB599E-D838-4597-9395-5A8ADD7411B5}.Release|Any CPU.ActiveCfg = Release|Any CPU
		{3DAB599E-D838-4597-9395-5A8ADD7411B5}.Release|Any CPU.Build.0 = Release|Any CPU
		{E538A548-DC95-4AB0-9406-6540300BB068}.Debug|Any CPU.ActiveCfg = Debug|Any CPU
		{E538A548-DC95-4AB0-9406-6540300BB068}.Debug|Any CPU.Build.0 = Debug|Any CPU
		{E538A548-DC95-4AB0-9406-6540300BB068}.Release|Any CPU.ActiveCfg = Release|Any CPU
		{E538A548-DC95-4AB0-9406-6540300BB068}.Release|Any CPU.Build.0 = Release|Any CPU
		{E2C52D82-F77C-4DAE-A319-54D7A9B46385}.Debug|Any CPU.ActiveCfg = Debug|Any CPU
		{E2C52D82-F77C-4DAE-A319-54D7A9B46385}.Debug|Any CPU.Build.0 = Debug|Any CPU
		{E2C52D82-F77C-4DAE-A319-54D7A9B46385}.Release|Any CPU.ActiveCfg = Release|Any CPU
		{E2C52D82-F77C-4DAE-A319-54D7A9B46385}.Release|Any CPU.Build.0 = Release|Any CPU
		{E53EF67C-C231-48BA-B73F-90E01A813C6A}.Debug|Any CPU.ActiveCfg = Debug|Any CPU
		{E53EF67C-C231-48BA-B73F-90E01A813C6A}.Debug|Any CPU.Build.0 = Debug|Any CPU
		{E53EF67C-C231-48BA-B73F-90E01A813C6A}.Release|Any CPU.ActiveCfg = Release|Any CPU
		{E53EF67C-C231-48BA-B73F-90E01A813C6A}.Release|Any CPU.Build.0 = Release|Any CPU
		{D3C31A4F-1B7C-4ED1-9D39-FD33E3CF7B62}.Debug|Any CPU.ActiveCfg = Debug|Any CPU
		{D3C31A4F-1B7C-4ED1-9D39-FD33E3CF7B62}.Debug|Any CPU.Build.0 = Debug|Any CPU
		{D3C31A4F-1B7C-4ED1-9D39-FD33E3CF7B62}.Release|Any CPU.ActiveCfg = Release|Any CPU
		{D3C31A4F-1B7C-4ED1-9D39-FD33E3CF7B62}.Release|Any CPU.Build.0 = Release|Any CPU
		{13472E97-14D8-4DA6-93E3-6A03F479E285}.Debug|Any CPU.ActiveCfg = Debug|Any CPU
		{13472E97-14D8-4DA6-93E3-6A03F479E285}.Debug|Any CPU.Build.0 = Debug|Any CPU
		{13472E97-14D8-4DA6-93E3-6A03F479E285}.Release|Any CPU.ActiveCfg = Release|Any CPU
		{13472E97-14D8-4DA6-93E3-6A03F479E285}.Release|Any CPU.Build.0 = Release|Any CPU
		{2A229D17-5CDB-497A-A856-C27234BB2F28}.Debug|Any CPU.ActiveCfg = Debug|Any CPU
		{2A229D17-5CDB-497A-A856-C27234BB2F28}.Debug|Any CPU.Build.0 = Debug|Any CPU
		{2A229D17-5CDB-497A-A856-C27234BB2F28}.Release|Any CPU.ActiveCfg = Release|Any CPU
		{2A229D17-5CDB-497A-A856-C27234BB2F28}.Release|Any CPU.Build.0 = Release|Any CPU
		{AAAA5835-6016-4C15-BDF7-7A81C45E31C6}.Debug|Any CPU.ActiveCfg = Debug|Any CPU
		{AAAA5835-6016-4C15-BDF7-7A81C45E31C6}.Debug|Any CPU.Build.0 = Debug|Any CPU
		{AAAA5835-6016-4C15-BDF7-7A81C45E31C6}.Release|Any CPU.ActiveCfg = Release|Any CPU
		{AAAA5835-6016-4C15-BDF7-7A81C45E31C6}.Release|Any CPU.Build.0 = Release|Any CPU
		{8C16F38C-4ED0-4F01-AB6F-260AD017BECE}.Debug|Any CPU.ActiveCfg = Debug|Any CPU
		{8C16F38C-4ED0-4F01-AB6F-260AD017BECE}.Debug|Any CPU.Build.0 = Debug|Any CPU
		{8C16F38C-4ED0-4F01-AB6F-260AD017BECE}.Release|Any CPU.ActiveCfg = Release|Any CPU
		{8C16F38C-4ED0-4F01-AB6F-260AD017BECE}.Release|Any CPU.Build.0 = Release|Any CPU
		{0F05BA3B-AED9-48FF-A77B-003A04FDCB3B}.Debug|Any CPU.ActiveCfg = Debug|Any CPU
		{0F05BA3B-AED9-48FF-A77B-003A04FDCB3B}.Debug|Any CPU.Build.0 = Debug|Any CPU
		{0F05BA3B-AED9-48FF-A77B-003A04FDCB3B}.Release|Any CPU.ActiveCfg = Release|Any CPU
		{0F05BA3B-AED9-48FF-A77B-003A04FDCB3B}.Release|Any CPU.Build.0 = Release|Any CPU
		{B714DBDA-B0E1-4B27-A298-B2C1AB8EB255}.Debug|Any CPU.ActiveCfg = Debug|Any CPU
		{B714DBDA-B0E1-4B27-A298-B2C1AB8EB255}.Debug|Any CPU.Build.0 = Debug|Any CPU
		{B714DBDA-B0E1-4B27-A298-B2C1AB8EB255}.Release|Any CPU.ActiveCfg = Release|Any CPU
		{B714DBDA-B0E1-4B27-A298-B2C1AB8EB255}.Release|Any CPU.Build.0 = Release|Any CPU
		{086A343C-B479-4FCE-80A9-F4BF547C0BA7}.Debug|Any CPU.ActiveCfg = Debug|Any CPU
		{086A343C-B479-4FCE-80A9-F4BF547C0BA7}.Debug|Any CPU.Build.0 = Debug|Any CPU
		{086A343C-B479-4FCE-80A9-F4BF547C0BA7}.Release|Any CPU.ActiveCfg = Release|Any CPU
		{086A343C-B479-4FCE-80A9-F4BF547C0BA7}.Release|Any CPU.Build.0 = Release|Any CPU
		{E2A0E2B9-8476-4471-B869-85A7EBE83ED4}.Debug|Any CPU.ActiveCfg = Debug|Any CPU
		{E2A0E2B9-8476-4471-B869-85A7EBE83ED4}.Debug|Any CPU.Build.0 = Debug|Any CPU
		{E2A0E2B9-8476-4471-B869-85A7EBE83ED4}.Release|Any CPU.ActiveCfg = Release|Any CPU
		{E2A0E2B9-8476-4471-B869-85A7EBE83ED4}.Release|Any CPU.Build.0 = Release|Any CPU
		{006C5277-B70F-4E94-AEEA-641849DABB60}.Debug|Any CPU.ActiveCfg = Debug|Any CPU
		{006C5277-B70F-4E94-AEEA-641849DABB60}.Debug|Any CPU.Build.0 = Debug|Any CPU
		{006C5277-B70F-4E94-AEEA-641849DABB60}.Release|Any CPU.ActiveCfg = Release|Any CPU
		{006C5277-B70F-4E94-AEEA-641849DABB60}.Release|Any CPU.Build.0 = Release|Any CPU
	EndGlobalSection
	GlobalSection(SolutionProperties) = preSolution
		HideSolutionNode = FALSE
	EndGlobalSection
EndGlobal
