
Microsoft Visual Studio Solution File, Format Version 12.00
# Visual Studio 2013
VisualStudioVersion = 12.0.21005.1
MinimumVisualStudioVersion = 10.0.40219.1
Project("{FAE04EC0-301F-11D3-BF4B-00C04F79EFBC}") = "01StringsInCSharp", "01StringsInCSharp\01StringsInCSharp.csproj", "{8DD533A4-7AD4-4BE0-BB43-F03E644EEE31}"
EndProject
Project("{FAE04EC0-301F-11D3-BF4B-00C04F79EFBC}") = "02ReverseString", "02ReverseString\02ReverseString.csproj", "{CFE1950C-E4DD-4897-98EE-DA21CA6871A3}"
EndProject
Project("{FAE04EC0-301F-11D3-BF4B-00C04F79EFBC}") = "03CorrectBrackets", "03CorrectBrackets\03CorrectBrackets.csproj", "{DF4C8A74-2153-4785-A373-9DE5E37BDF3D}"
EndProject
Project("{FAE04EC0-301F-11D3-BF4B-00C04F79EFBC}") = "04Sub-stringInText", "04Sub-stringInText\04Sub-stringInText.csproj", "{8EE708F9-787B-4EB5-B14A-4AEB6A0174EC}"
EndProject
Project("{FAE04EC0-301F-11D3-BF4B-00C04F79EFBC}") = "05ParseTags", "05ParseTags\05ParseTags.csproj", "{B928AE7A-8390-4363-96A5-180B6AA170BC}"
EndProject
Project("{FAE04EC0-301F-11D3-BF4B-00C04F79EFBC}") = "06StringLength", "06StringLength\06StringLength.csproj", "{7D74713C-57CF-46F3-B1A6-1B6982EF959A}"
EndProject
Project("{FAE04EC0-301F-11D3-BF4B-00C04F79EFBC}") = "07EncodeDecode", "07EncodeDecode\07EncodeDecode.csproj", "{F0D916F1-47F2-4B69-BD1E-F545BB790E1E}"
EndProject
Project("{FAE04EC0-301F-11D3-BF4B-00C04F79EFBC}") = "08ExtractSentences", "08ExtractSentences\08ExtractSentences.csproj", "{EAC3CCF3-F747-4B8E-B9D0-97D3EB8D080E}"
EndProject
Project("{FAE04EC0-301F-11D3-BF4B-00C04F79EFBC}") = "09ForbiddenWords", "09ForbiddenWords\09ForbiddenWords.csproj", "{1DAF74D9-48D4-4737-BF96-D7026667475A}"
EndProject
Project("{FAE04EC0-301F-11D3-BF4B-00C04F79EFBC}") = "10UnicodeCharacters", "10UnicodeCharacters\10UnicodeCharacters.csproj", "{3CF65705-DD41-4BCB-B27A-B6697F80F4CB}"
EndProject
Project("{FAE04EC0-301F-11D3-BF4B-00C04F79EFBC}") = "11FormatNumber", "11FormatNumber\11FormatNumber.csproj", "{20942348-5180-4AD0-8A84-253A6EDE2D97}"
EndProject
Project("{FAE04EC0-301F-11D3-BF4B-00C04F79EFBC}") = "12ParseURL", "12ParseURL\12ParseURL.csproj", "{4FE99381-7E16-4938-B684-14A2CDF1C880}"
EndProject
Project("{FAE04EC0-301F-11D3-BF4B-00C04F79EFBC}") = "13ReverseSentence", "13ReverseSentence\13ReverseSentence.csproj", "{6EFBC379-27AB-4513-8384-14357D2294A5}"
EndProject
Project("{FAE04EC0-301F-11D3-BF4B-00C04F79EFBC}") = "14WordDictionary", "14WordDictionary\14WordDictionary.csproj", "{17F89D7C-5224-4168-8B07-7865EC78764C}"
EndProject
Project("{FAE04EC0-301F-11D3-BF4B-00C04F79EFBC}") = "15ReplaceTags", "15ReplaceTags\15ReplaceTags.csproj", "{9FB2FF8A-F76D-49E8-938D-13AB94ECADDF}"
EndProject
Project("{FAE04EC0-301F-11D3-BF4B-00C04F79EFBC}") = "16DateDifference", "16DateDifference\16DateDifference.csproj", "{558A5B7F-C6F2-4B71-9F01-4151CF101813}"
EndProject
Project("{FAE04EC0-301F-11D3-BF4B-00C04F79EFBC}") = "17DateInBulgarian", "17DateInBulgarian\17DateInBulgarian.csproj", "{912BEE9E-A6B5-4DD1-927E-7C1EDF062C77}"
EndProject
Project("{FAE04EC0-301F-11D3-BF4B-00C04F79EFBC}") = "18ExtractE-mails", "18ExtractE-mails\18ExtractE-mails.csproj", "{7F134898-1333-49A0-A08B-7D83CAB8C460}"
EndProject
Project("{FAE04EC0-301F-11D3-BF4B-00C04F79EFBC}") = "19DatesFromTextInCanada", "19DatesFromTextInCanada\19DatesFromTextInCanada.csproj", "{8E4B2A92-5459-4EC0-9E49-8BC53B384C68}"
EndProject
Project("{FAE04EC0-301F-11D3-BF4B-00C04F79EFBC}") = "20Palindromes", "20Palindromes\20Palindromes.csproj", "{9D616031-3CD4-4A69-8C38-3A26571100D2}"
EndProject
Project("{FAE04EC0-301F-11D3-BF4B-00C04F79EFBC}") = "21LettersCount", "21LettersCount\21LettersCount.csproj", "{67E417A2-0CE9-4D47-A729-DB920C72827C}"
EndProject
Project("{FAE04EC0-301F-11D3-BF4B-00C04F79EFBC}") = "22WordsCount", "22WordsCount\22WordsCount.csproj", "{455B0784-BAD3-4A63-8330-D8DDDB400D9D}"
EndProject
Project("{FAE04EC0-301F-11D3-BF4B-00C04F79EFBC}") = "23SeriesOfLetters", "23SeriesOfLetters\23SeriesOfLetters.csproj", "{DF28BF52-9D6C-4B43-B5ED-C7288D29B902}"
EndProject
Project("{FAE04EC0-301F-11D3-BF4B-00C04F79EFBC}") = "24OrderWords", "24OrderWords\24OrderWords.csproj", "{1F2153D6-1F3F-44AF-88FC-A30F7172BB39}"
EndProject
Project("{FAE04EC0-301F-11D3-BF4B-00C04F79EFBC}") = "25ExtractTextFromHTML", "25ExtractTextFromHTML\25ExtractTextFromHTML.csproj", "{65BA9786-1F43-4521-96CB-EEA41284124B}"
EndProject
Global
	GlobalSection(SolutionConfigurationPlatforms) = preSolution
		Debug|Any CPU = Debug|Any CPU
		Release|Any CPU = Release|Any CPU
	EndGlobalSection
	GlobalSection(ProjectConfigurationPlatforms) = postSolution
		{8DD533A4-7AD4-4BE0-BB43-F03E644EEE31}.Debug|Any CPU.ActiveCfg = Debug|Any CPU
		{8DD533A4-7AD4-4BE0-BB43-F03E644EEE31}.Debug|Any CPU.Build.0 = Debug|Any CPU
		{8DD533A4-7AD4-4BE0-BB43-F03E644EEE31}.Release|Any CPU.ActiveCfg = Release|Any CPU
		{8DD533A4-7AD4-4BE0-BB43-F03E644EEE31}.Release|Any CPU.Build.0 = Release|Any CPU
		{CFE1950C-E4DD-4897-98EE-DA21CA6871A3}.Debug|Any CPU.ActiveCfg = Debug|Any CPU
		{CFE1950C-E4DD-4897-98EE-DA21CA6871A3}.Debug|Any CPU.Build.0 = Debug|Any CPU
		{CFE1950C-E4DD-4897-98EE-DA21CA6871A3}.Release|Any CPU.ActiveCfg = Release|Any CPU
		{CFE1950C-E4DD-4897-98EE-DA21CA6871A3}.Release|Any CPU.Build.0 = Release|Any CPU
		{DF4C8A74-2153-4785-A373-9DE5E37BDF3D}.Debug|Any CPU.ActiveCfg = Debug|Any CPU
		{DF4C8A74-2153-4785-A373-9DE5E37BDF3D}.Debug|Any CPU.Build.0 = Debug|Any CPU
		{DF4C8A74-2153-4785-A373-9DE5E37BDF3D}.Release|Any CPU.ActiveCfg = Release|Any CPU
		{DF4C8A74-2153-4785-A373-9DE5E37BDF3D}.Release|Any CPU.Build.0 = Release|Any CPU
		{8EE708F9-787B-4EB5-B14A-4AEB6A0174EC}.Debug|Any CPU.ActiveCfg = Debug|Any CPU
		{8EE708F9-787B-4EB5-B14A-4AEB6A0174EC}.Debug|Any CPU.Build.0 = Debug|Any CPU
		{8EE708F9-787B-4EB5-B14A-4AEB6A0174EC}.Release|Any CPU.ActiveCfg = Release|Any CPU
		{8EE708F9-787B-4EB5-B14A-4AEB6A0174EC}.Release|Any CPU.Build.0 = Release|Any CPU
		{B928AE7A-8390-4363-96A5-180B6AA170BC}.Debug|Any CPU.ActiveCfg = Debug|Any CPU
		{B928AE7A-8390-4363-96A5-180B6AA170BC}.Debug|Any CPU.Build.0 = Debug|Any CPU
		{B928AE7A-8390-4363-96A5-180B6AA170BC}.Release|Any CPU.ActiveCfg = Release|Any CPU
		{B928AE7A-8390-4363-96A5-180B6AA170BC}.Release|Any CPU.Build.0 = Release|Any CPU
		{7D74713C-57CF-46F3-B1A6-1B6982EF959A}.Debug|Any CPU.ActiveCfg = Debug|Any CPU
		{7D74713C-57CF-46F3-B1A6-1B6982EF959A}.Debug|Any CPU.Build.0 = Debug|Any CPU
		{7D74713C-57CF-46F3-B1A6-1B6982EF959A}.Release|Any CPU.ActiveCfg = Release|Any CPU
		{7D74713C-57CF-46F3-B1A6-1B6982EF959A}.Release|Any CPU.Build.0 = Release|Any CPU
		{F0D916F1-47F2-4B69-BD1E-F545BB790E1E}.Debug|Any CPU.ActiveCfg = Debug|Any CPU
		{F0D916F1-47F2-4B69-BD1E-F545BB790E1E}.Debug|Any CPU.Build.0 = Debug|Any CPU
		{F0D916F1-47F2-4B69-BD1E-F545BB790E1E}.Release|Any CPU.ActiveCfg = Release|Any CPU
		{F0D916F1-47F2-4B69-BD1E-F545BB790E1E}.Release|Any CPU.Build.0 = Release|Any CPU
		{EAC3CCF3-F747-4B8E-B9D0-97D3EB8D080E}.Debug|Any CPU.ActiveCfg = Debug|Any CPU
		{EAC3CCF3-F747-4B8E-B9D0-97D3EB8D080E}.Debug|Any CPU.Build.0 = Debug|Any CPU
		{EAC3CCF3-F747-4B8E-B9D0-97D3EB8D080E}.Release|Any CPU.ActiveCfg = Release|Any CPU
		{EAC3CCF3-F747-4B8E-B9D0-97D3EB8D080E}.Release|Any CPU.Build.0 = Release|Any CPU
		{1DAF74D9-48D4-4737-BF96-D7026667475A}.Debug|Any CPU.ActiveCfg = Debug|Any CPU
		{1DAF74D9-48D4-4737-BF96-D7026667475A}.Debug|Any CPU.Build.0 = Debug|Any CPU
		{1DAF74D9-48D4-4737-BF96-D7026667475A}.Release|Any CPU.ActiveCfg = Release|Any CPU
		{1DAF74D9-48D4-4737-BF96-D7026667475A}.Release|Any CPU.Build.0 = Release|Any CPU
		{3CF65705-DD41-4BCB-B27A-B6697F80F4CB}.Debug|Any CPU.ActiveCfg = Debug|Any CPU
		{3CF65705-DD41-4BCB-B27A-B6697F80F4CB}.Debug|Any CPU.Build.0 = Debug|Any CPU
		{3CF65705-DD41-4BCB-B27A-B6697F80F4CB}.Release|Any CPU.ActiveCfg = Release|Any CPU
		{3CF65705-DD41-4BCB-B27A-B6697F80F4CB}.Release|Any CPU.Build.0 = Release|Any CPU
		{20942348-5180-4AD0-8A84-253A6EDE2D97}.Debug|Any CPU.ActiveCfg = Debug|Any CPU
		{20942348-5180-4AD0-8A84-253A6EDE2D97}.Debug|Any CPU.Build.0 = Debug|Any CPU
		{20942348-5180-4AD0-8A84-253A6EDE2D97}.Release|Any CPU.ActiveCfg = Release|Any CPU
		{20942348-5180-4AD0-8A84-253A6EDE2D97}.Release|Any CPU.Build.0 = Release|Any CPU
		{4FE99381-7E16-4938-B684-14A2CDF1C880}.Debug|Any CPU.ActiveCfg = Debug|Any CPU
		{4FE99381-7E16-4938-B684-14A2CDF1C880}.Debug|Any CPU.Build.0 = Debug|Any CPU
		{4FE99381-7E16-4938-B684-14A2CDF1C880}.Release|Any CPU.ActiveCfg = Release|Any CPU
		{4FE99381-7E16-4938-B684-14A2CDF1C880}.Release|Any CPU.Build.0 = Release|Any CPU
		{6EFBC379-27AB-4513-8384-14357D2294A5}.Debug|Any CPU.ActiveCfg = Debug|Any CPU
		{6EFBC379-27AB-4513-8384-14357D2294A5}.Debug|Any CPU.Build.0 = Debug|Any CPU
		{6EFBC379-27AB-4513-8384-14357D2294A5}.Release|Any CPU.ActiveCfg = Release|Any CPU
		{6EFBC379-27AB-4513-8384-14357D2294A5}.Release|Any CPU.Build.0 = Release|Any CPU
		{17F89D7C-5224-4168-8B07-7865EC78764C}.Debug|Any CPU.ActiveCfg = Debug|Any CPU
		{17F89D7C-5224-4168-8B07-7865EC78764C}.Debug|Any CPU.Build.0 = Debug|Any CPU
		{17F89D7C-5224-4168-8B07-7865EC78764C}.Release|Any CPU.ActiveCfg = Release|Any CPU
		{17F89D7C-5224-4168-8B07-7865EC78764C}.Release|Any CPU.Build.0 = Release|Any CPU
		{9FB2FF8A-F76D-49E8-938D-13AB94ECADDF}.Debug|Any CPU.ActiveCfg = Debug|Any CPU
		{9FB2FF8A-F76D-49E8-938D-13AB94ECADDF}.Debug|Any CPU.Build.0 = Debug|Any CPU
		{9FB2FF8A-F76D-49E8-938D-13AB94ECADDF}.Release|Any CPU.ActiveCfg = Release|Any CPU
		{9FB2FF8A-F76D-49E8-938D-13AB94ECADDF}.Release|Any CPU.Build.0 = Release|Any CPU
		{558A5B7F-C6F2-4B71-9F01-4151CF101813}.Debug|Any CPU.ActiveCfg = Debug|Any CPU
		{558A5B7F-C6F2-4B71-9F01-4151CF101813}.Debug|Any CPU.Build.0 = Debug|Any CPU
		{558A5B7F-C6F2-4B71-9F01-4151CF101813}.Release|Any CPU.ActiveCfg = Release|Any CPU
		{558A5B7F-C6F2-4B71-9F01-4151CF101813}.Release|Any CPU.Build.0 = Release|Any CPU
		{912BEE9E-A6B5-4DD1-927E-7C1EDF062C77}.Debug|Any CPU.ActiveCfg = Debug|Any CPU
		{912BEE9E-A6B5-4DD1-927E-7C1EDF062C77}.Debug|Any CPU.Build.0 = Debug|Any CPU
		{912BEE9E-A6B5-4DD1-927E-7C1EDF062C77}.Release|Any CPU.ActiveCfg = Release|Any CPU
		{912BEE9E-A6B5-4DD1-927E-7C1EDF062C77}.Release|Any CPU.Build.0 = Release|Any CPU
		{7F134898-1333-49A0-A08B-7D83CAB8C460}.Debug|Any CPU.ActiveCfg = Debug|Any CPU
		{7F134898-1333-49A0-A08B-7D83CAB8C460}.Debug|Any CPU.Build.0 = Debug|Any CPU
		{7F134898-1333-49A0-A08B-7D83CAB8C460}.Release|Any CPU.ActiveCfg = Release|Any CPU
		{7F134898-1333-49A0-A08B-7D83CAB8C460}.Release|Any CPU.Build.0 = Release|Any CPU
		{8E4B2A92-5459-4EC0-9E49-8BC53B384C68}.Debug|Any CPU.ActiveCfg = Debug|Any CPU
		{8E4B2A92-5459-4EC0-9E49-8BC53B384C68}.Debug|Any CPU.Build.0 = Debug|Any CPU
		{8E4B2A92-5459-4EC0-9E49-8BC53B384C68}.Release|Any CPU.ActiveCfg = Release|Any CPU
		{8E4B2A92-5459-4EC0-9E49-8BC53B384C68}.Release|Any CPU.Build.0 = Release|Any CPU
		{9D616031-3CD4-4A69-8C38-3A26571100D2}.Debug|Any CPU.ActiveCfg = Debug|Any CPU
		{9D616031-3CD4-4A69-8C38-3A26571100D2}.Debug|Any CPU.Build.0 = Debug|Any CPU
		{9D616031-3CD4-4A69-8C38-3A26571100D2}.Release|Any CPU.ActiveCfg = Release|Any CPU
		{9D616031-3CD4-4A69-8C38-3A26571100D2}.Release|Any CPU.Build.0 = Release|Any CPU
		{67E417A2-0CE9-4D47-A729-DB920C72827C}.Debug|Any CPU.ActiveCfg = Debug|Any CPU
		{67E417A2-0CE9-4D47-A729-DB920C72827C}.Debug|Any CPU.Build.0 = Debug|Any CPU
		{67E417A2-0CE9-4D47-A729-DB920C72827C}.Release|Any CPU.ActiveCfg = Release|Any CPU
		{67E417A2-0CE9-4D47-A729-DB920C72827C}.Release|Any CPU.Build.0 = Release|Any CPU
		{455B0784-BAD3-4A63-8330-D8DDDB400D9D}.Debug|Any CPU.ActiveCfg = Debug|Any CPU
		{455B0784-BAD3-4A63-8330-D8DDDB400D9D}.Debug|Any CPU.Build.0 = Debug|Any CPU
		{455B0784-BAD3-4A63-8330-D8DDDB400D9D}.Release|Any CPU.ActiveCfg = Release|Any CPU
		{455B0784-BAD3-4A63-8330-D8DDDB400D9D}.Release|Any CPU.Build.0 = Release|Any CPU
		{DF28BF52-9D6C-4B43-B5ED-C7288D29B902}.Debug|Any CPU.ActiveCfg = Debug|Any CPU
		{DF28BF52-9D6C-4B43-B5ED-C7288D29B902}.Debug|Any CPU.Build.0 = Debug|Any CPU
		{DF28BF52-9D6C-4B43-B5ED-C7288D29B902}.Release|Any CPU.ActiveCfg = Release|Any CPU
		{DF28BF52-9D6C-4B43-B5ED-C7288D29B902}.Release|Any CPU.Build.0 = Release|Any CPU
		{1F2153D6-1F3F-44AF-88FC-A30F7172BB39}.Debug|Any CPU.ActiveCfg = Debug|Any CPU
		{1F2153D6-1F3F-44AF-88FC-A30F7172BB39}.Debug|Any CPU.Build.0 = Debug|Any CPU
		{1F2153D6-1F3F-44AF-88FC-A30F7172BB39}.Release|Any CPU.ActiveCfg = Release|Any CPU
		{1F2153D6-1F3F-44AF-88FC-A30F7172BB39}.Release|Any CPU.Build.0 = Release|Any CPU
		{65BA9786-1F43-4521-96CB-EEA41284124B}.Debug|Any CPU.ActiveCfg = Debug|Any CPU
		{65BA9786-1F43-4521-96CB-EEA41284124B}.Debug|Any CPU.Build.0 = Debug|Any CPU
		{65BA9786-1F43-4521-96CB-EEA41284124B}.Release|Any CPU.ActiveCfg = Release|Any CPU
		{65BA9786-1F43-4521-96CB-EEA41284124B}.Release|Any CPU.Build.0 = Release|Any CPU
	EndGlobalSection
	GlobalSection(SolutionProperties) = preSolution
		HideSolutionNode = FALSE
	EndGlobalSection
EndGlobal
