
Microsoft Visual Studio Solution File, Format Version 12.00
# Visual Studio 2013
VisualStudioVersion = 12.0.21005.1
MinimumVisualStudioVersion = 10.0.40219.1
Project("{FAE04EC0-301F-11D3-BF4B-00C04F79EFBC}") = "01.2-4-8", "01.2-4-8\01.2-4-8.csproj", "{7ACE0A48-EAE1-4DC7-8D39-FF67F4CD1E50}"
EndProject
Project("{FAE04EC0-301F-11D3-BF4B-00C04F79EFBC}") = "02.NightmareCodestreet", "02.NightmareCodestreet\02.NightmareCodestreet.csproj", "{CDA6643A-8C12-4999-9F21-504B2267D053}"
EndProject
Project("{FAE04EC0-301F-11D3-BF4B-00C04F79EFBC}") = "03.Enigmanation", "03.Enigmanation\03.Enigmanation.csproj", "{C8A5DA43-BEE0-40FC-9717-865E375E2504}"
EndProject
Project("{FAE04EC0-301F-11D3-BF4B-00C04F79EFBC}") = "04.KaspichaniaBoats", "04.KaspichaniaBoats\04.KaspichaniaBoats.csproj", "{7A21E48F-2CAD-4F7A-9A2B-5645C594CA47}"
EndProject
Project("{FAE04EC0-301F-11D3-BF4B-00C04F79EFBC}") = "05.GameOfPage", "05.GameOfPage\05.GameOfPage.csproj", "{A403D563-2CB6-46B1-9430-7CDC85BC9A5D}"
EndProject
Global
	GlobalSection(SolutionConfigurationPlatforms) = preSolution
		Debug|Any CPU = Debug|Any CPU
		Release|Any CPU = Release|Any CPU
	EndGlobalSection
	GlobalSection(ProjectConfigurationPlatforms) = postSolution
		{7ACE0A48-EAE1-4DC7-8D39-FF67F4CD1E50}.Debug|Any CPU.ActiveCfg = Debug|Any CPU
		{7ACE0A48-EAE1-4DC7-8D39-FF67F4CD1E50}.Debug|Any CPU.Build.0 = Debug|Any CPU
		{7ACE0A48-EAE1-4DC7-8D39-FF67F4CD1E50}.Release|Any CPU.ActiveCfg = Release|Any CPU
		{7ACE0A48-EAE1-4DC7-8D39-FF67F4CD1E50}.Release|Any CPU.Build.0 = Release|Any CPU
		{CDA6643A-8C12-4999-9F21-504B2267D053}.Debug|Any CPU.ActiveCfg = Debug|Any CPU
		{CDA6643A-8C12-4999-9F21-504B2267D053}.Debug|Any CPU.Build.0 = Debug|Any CPU
		{CDA6643A-8C12-4999-9F21-504B2267D053}.Release|Any CPU.ActiveCfg = Release|Any CPU
		{CDA6643A-8C12-4999-9F21-504B2267D053}.Release|Any CPU.Build.0 = Release|Any CPU
		{C8A5DA43-BEE0-40FC-9717-865E375E2504}.Debug|Any CPU.ActiveCfg = Debug|Any CPU
		{C8A5DA43-BEE0-40FC-9717-865E375E2504}.Debug|Any CPU.Build.0 = Debug|Any CPU
		{C8A5DA43-BEE0-40FC-9717-865E375E2504}.Release|Any CPU.ActiveCfg = Release|Any CPU
		{C8A5DA43-BEE0-40FC-9717-865E375E2504}.Release|Any CPU.Build.0 = Release|Any CPU
		{7A21E48F-2CAD-4F7A-9A2B-5645C594CA47}.Debug|Any CPU.ActiveCfg = Debug|Any CPU
		{7A21E48F-2CAD-4F7A-9A2B-5645C594CA47}.Debug|Any CPU.Build.0 = Debug|Any CPU
		{7A21E48F-2CAD-4F7A-9A2B-5645C594CA47}.Release|Any CPU.ActiveCfg = Release|Any CPU
		{7A21E48F-2CAD-4F7A-9A2B-5645C594CA47}.Release|Any CPU.Build.0 = Release|Any CPU
		{A403D563-2CB6-46B1-9430-7CDC85BC9A5D}.Debug|Any CPU.ActiveCfg = Debug|Any CPU
		{A403D563-2CB6-46B1-9430-7CDC85BC9A5D}.Debug|Any CPU.Build.0 = Debug|Any CPU
		{A403D563-2CB6-46B1-9430-7CDC85BC9A5D}.Release|Any CPU.ActiveCfg = Release|Any CPU
		{A403D563-2CB6-46B1-9430-7CDC85BC9A5D}.Release|Any CPU.Build.0 = Release|Any CPU
	EndGlobalSection
	GlobalSection(SolutionProperties) = preSolution
		HideSolutionNode = FALSE
	EndGlobalSection
EndGlobal
