
Microsoft Visual Studio Solution File, Format Version 12.00
# Visual Studio 14
VisualStudioVersion = 14.0.23107.0
MinimumVisualStudioVersion = 10.0.40219.1
Project("{FAE04EC0-301F-11D3-BF4B-00C04F79EFBC}") = "01.BinaryTrees", "WS3-BinaryTrees\01.BinaryTrees.csproj", "{C72E2F9C-A0BC-4E08-B813-C1289F3BFCEE}"
EndProject
Project("{FAE04EC0-301F-11D3-BF4B-00C04F79EFBC}") = "ConsoleApplication1", "ConsoleApplication1\ConsoleApplication1.csproj", "{EDB7F60E-B1FA-44E0-8885-BD8EE293384B}"
EndProject
Project("{FAE04EC0-301F-11D3-BF4B-00C04F79EFBC}") = "02.Songs", "Songs\02.Songs.csproj", "{A7BAC90E-9108-415B-90AB-F8AD77AA2848}"
EndProject
Project("{FAE04EC0-301F-11D3-BF4B-00C04F79EFBC}") = "03.Precision", "03.Precision\03.Precision.csproj", "{ACD3AD3B-5088-4524-A029-740EDB16649D}"
EndProject
Global
	GlobalSection(SolutionConfigurationPlatforms) = preSolution
		Debug|Any CPU = Debug|Any CPU
		Release|Any CPU = Release|Any CPU
	EndGlobalSection
	GlobalSection(ProjectConfigurationPlatforms) = postSolution
		{C72E2F9C-A0BC-4E08-B813-C1289F3BFCEE}.Debug|Any CPU.ActiveCfg = Debug|Any CPU
		{C72E2F9C-A0BC-4E08-B813-C1289F3BFCEE}.Debug|Any CPU.Build.0 = Debug|Any CPU
		{C72E2F9C-A0BC-4E08-B813-C1289F3BFCEE}.Release|Any CPU.ActiveCfg = Release|Any CPU
		{C72E2F9C-A0BC-4E08-B813-C1289F3BFCEE}.Release|Any CPU.Build.0 = Release|Any CPU
		{EDB7F60E-B1FA-44E0-8885-BD8EE293384B}.Debug|Any CPU.ActiveCfg = Debug|Any CPU
		{EDB7F60E-B1FA-44E0-8885-BD8EE293384B}.Debug|Any CPU.Build.0 = Debug|Any CPU
		{EDB7F60E-B1FA-44E0-8885-BD8EE293384B}.Release|Any CPU.ActiveCfg = Release|Any CPU
		{EDB7F60E-B1FA-44E0-8885-BD8EE293384B}.Release|Any CPU.Build.0 = Release|Any CPU
		{A7BAC90E-9108-415B-90AB-F8AD77AA2848}.Debug|Any CPU.ActiveCfg = Debug|Any CPU
		{A7BAC90E-9108-415B-90AB-F8AD77AA2848}.Debug|Any CPU.Build.0 = Debug|Any CPU
		{A7BAC90E-9108-415B-90AB-F8AD77AA2848}.Release|Any CPU.ActiveCfg = Release|Any CPU
		{A7BAC90E-9108-415B-90AB-F8AD77AA2848}.Release|Any CPU.Build.0 = Release|Any CPU
		{ACD3AD3B-5088-4524-A029-740EDB16649D}.Debug|Any CPU.ActiveCfg = Debug|Any CPU
		{ACD3AD3B-5088-4524-A029-740EDB16649D}.Debug|Any CPU.Build.0 = Debug|Any CPU
		{ACD3AD3B-5088-4524-A029-740EDB16649D}.Release|Any CPU.ActiveCfg = Release|Any CPU
		{ACD3AD3B-5088-4524-A029-740EDB16649D}.Release|Any CPU.Build.0 = Release|Any CPU
	EndGlobalSection
	GlobalSection(SolutionProperties) = preSolution
		HideSolutionNode = FALSE
	EndGlobalSection
EndGlobal
