
Microsoft Visual Studio Solution File, Format Version 12.00
# Visual Studio 2013
VisualStudioVersion = 12.0.21005.1
MinimumVisualStudioVersion = 10.0.40219.1
Project("{FAE04EC0-301F-11D3-BF4B-00C04F79EFBC}") = "1.10LongSequence", "1.10LongSequence\1.10LongSequence.csproj", "{0CE3CFA5-39C8-49D9-B471-DE18ED427B42}"
EndProject
Project("{FAE04EC0-301F-11D3-BF4B-00C04F79EFBC}") = "1.01HelloCSharp", "1.01HelloCSharp\1.01HelloCSharp.csproj", "{395D96BD-2B95-4E25-8551-573096B9E49A}"
EndProject
Project("{FAE04EC0-301F-11D3-BF4B-00C04F79EFBC}") = "1.02PrintMyName", "1.02PrintMyName\1.02PrintMyName.csproj", "{5A350101-61BB-46F2-92A7-6789D523A75A}"
EndProject
Project("{FAE04EC0-301F-11D3-BF4B-00C04F79EFBC}") = "1.03PrintNumbers", "1.03PrintNumbers\1.03PrintNumbers.csproj", "{1AD5D320-0BA4-471A-9939-B568BB3E25DF}"
EndProject
Project("{FAE04EC0-301F-11D3-BF4B-00C04F79EFBC}") = "1.04PrintName", "1.04PrintName\1.04PrintName.csproj", "{C8038E37-451A-405F-A9C6-019CA582C144}"
EndProject
Project("{FAE04EC0-301F-11D3-BF4B-00C04F79EFBC}") = "1.05SquareRoot", "1.05SquareRoot\1.05SquareRoot.csproj", "{57301101-8BBD-45FF-A0BD-1D2304D4F3F6}"
EndProject
Project("{FAE04EC0-301F-11D3-BF4B-00C04F79EFBC}") = "1.06Sequence", "1.06Sequence\1.06Sequence.csproj", "{CB5A6145-57C0-4F01-9E89-A8D5B496D082}"
EndProject
Project("{FAE04EC0-301F-11D3-BF4B-00C04F79EFBC}") = "1.07Reformat", "1.07Reformat\1.07Reformat.csproj", "{491882D8-1AA2-4A96-BF9C-6A3E4A07518A}"
EndProject
Project("{FAE04EC0-301F-11D3-BF4B-00C04F79EFBC}") = "1.08DateAndTime", "1.08DateAndTime\1.08DateAndTime.csproj", "{5C787969-9157-4568-8F1C-EAEE3CFD24CA}"
EndProject
Project("{FAE04EC0-301F-11D3-BF4B-00C04F79EFBC}") = "1.09Age", "1.09Age\1.09Age.csproj", "{01FAB54E-541A-40A4-AB77-AEBD209FFE6F}"
EndProject
Global
	GlobalSection(SolutionConfigurationPlatforms) = preSolution
		Debug|Any CPU = Debug|Any CPU
		Release|Any CPU = Release|Any CPU
	EndGlobalSection
	GlobalSection(ProjectConfigurationPlatforms) = postSolution
		{0CE3CFA5-39C8-49D9-B471-DE18ED427B42}.Debug|Any CPU.ActiveCfg = Debug|Any CPU
		{0CE3CFA5-39C8-49D9-B471-DE18ED427B42}.Debug|Any CPU.Build.0 = Debug|Any CPU
		{0CE3CFA5-39C8-49D9-B471-DE18ED427B42}.Release|Any CPU.ActiveCfg = Release|Any CPU
		{0CE3CFA5-39C8-49D9-B471-DE18ED427B42}.Release|Any CPU.Build.0 = Release|Any CPU
		{395D96BD-2B95-4E25-8551-573096B9E49A}.Debug|Any CPU.ActiveCfg = Debug|Any CPU
		{395D96BD-2B95-4E25-8551-573096B9E49A}.Debug|Any CPU.Build.0 = Debug|Any CPU
		{395D96BD-2B95-4E25-8551-573096B9E49A}.Release|Any CPU.ActiveCfg = Release|Any CPU
		{395D96BD-2B95-4E25-8551-573096B9E49A}.Release|Any CPU.Build.0 = Release|Any CPU
		{5A350101-61BB-46F2-92A7-6789D523A75A}.Debug|Any CPU.ActiveCfg = Debug|Any CPU
		{5A350101-61BB-46F2-92A7-6789D523A75A}.Debug|Any CPU.Build.0 = Debug|Any CPU
		{5A350101-61BB-46F2-92A7-6789D523A75A}.Release|Any CPU.ActiveCfg = Release|Any CPU
		{5A350101-61BB-46F2-92A7-6789D523A75A}.Release|Any CPU.Build.0 = Release|Any CPU
		{1AD5D320-0BA4-471A-9939-B568BB3E25DF}.Debug|Any CPU.ActiveCfg = Debug|Any CPU
		{1AD5D320-0BA4-471A-9939-B568BB3E25DF}.Debug|Any CPU.Build.0 = Debug|Any CPU
		{1AD5D320-0BA4-471A-9939-B568BB3E25DF}.Release|Any CPU.ActiveCfg = Release|Any CPU
		{1AD5D320-0BA4-471A-9939-B568BB3E25DF}.Release|Any CPU.Build.0 = Release|Any CPU
		{C8038E37-451A-405F-A9C6-019CA582C144}.Debug|Any CPU.ActiveCfg = Debug|Any CPU
		{C8038E37-451A-405F-A9C6-019CA582C144}.Debug|Any CPU.Build.0 = Debug|Any CPU
		{C8038E37-451A-405F-A9C6-019CA582C144}.Release|Any CPU.ActiveCfg = Release|Any CPU
		{C8038E37-451A-405F-A9C6-019CA582C144}.Release|Any CPU.Build.0 = Release|Any CPU
		{57301101-8BBD-45FF-A0BD-1D2304D4F3F6}.Debug|Any CPU.ActiveCfg = Debug|Any CPU
		{57301101-8BBD-45FF-A0BD-1D2304D4F3F6}.Debug|Any CPU.Build.0 = Debug|Any CPU
		{57301101-8BBD-45FF-A0BD-1D2304D4F3F6}.Release|Any CPU.ActiveCfg = Release|Any CPU
		{57301101-8BBD-45FF-A0BD-1D2304D4F3F6}.Release|Any CPU.Build.0 = Release|Any CPU
		{CB5A6145-57C0-4F01-9E89-A8D5B496D082}.Debug|Any CPU.ActiveCfg = Debug|Any CPU
		{CB5A6145-57C0-4F01-9E89-A8D5B496D082}.Debug|Any CPU.Build.0 = Debug|Any CPU
		{CB5A6145-57C0-4F01-9E89-A8D5B496D082}.Release|Any CPU.ActiveCfg = Release|Any CPU
		{CB5A6145-57C0-4F01-9E89-A8D5B496D082}.Release|Any CPU.Build.0 = Release|Any CPU
		{491882D8-1AA2-4A96-BF9C-6A3E4A07518A}.Debug|Any CPU.ActiveCfg = Debug|Any CPU
		{491882D8-1AA2-4A96-BF9C-6A3E4A07518A}.Debug|Any CPU.Build.0 = Debug|Any CPU
		{491882D8-1AA2-4A96-BF9C-6A3E4A07518A}.Release|Any CPU.ActiveCfg = Release|Any CPU
		{491882D8-1AA2-4A96-BF9C-6A3E4A07518A}.Release|Any CPU.Build.0 = Release|Any CPU
		{5C787969-9157-4568-8F1C-EAEE3CFD24CA}.Debug|Any CPU.ActiveCfg = Debug|Any CPU
		{5C787969-9157-4568-8F1C-EAEE3CFD24CA}.Debug|Any CPU.Build.0 = Debug|Any CPU
		{5C787969-9157-4568-8F1C-EAEE3CFD24CA}.Release|Any CPU.ActiveCfg = Release|Any CPU
		{5C787969-9157-4568-8F1C-EAEE3CFD24CA}.Release|Any CPU.Build.0 = Release|Any CPU
		{01FAB54E-541A-40A4-AB77-AEBD209FFE6F}.Debug|Any CPU.ActiveCfg = Debug|Any CPU
		{01FAB54E-541A-40A4-AB77-AEBD209FFE6F}.Debug|Any CPU.Build.0 = Debug|Any CPU
		{01FAB54E-541A-40A4-AB77-AEBD209FFE6F}.Release|Any CPU.ActiveCfg = Release|Any CPU
		{01FAB54E-541A-40A4-AB77-AEBD209FFE6F}.Release|Any CPU.Build.0 = Release|Any CPU
	EndGlobalSection
	GlobalSection(SolutionProperties) = preSolution
		HideSolutionNode = FALSE
	EndGlobalSection
EndGlobal
