
Microsoft Visual Studio Solution File, Format Version 12.00
# Visual Studio 2013
VisualStudioVersion = 12.0.21005.1
MinimumVisualStudioVersion = 10.0.40219.1
Project("{FAE04EC0-301F-11D3-BF4B-00C04F79EFBC}") = "01AllocateArray", "01AllocateArray\01AllocateArray.csproj", "{9BF783AA-498C-4AA2-B12F-FF6F9E201FBB}"
EndProject
Project("{FAE04EC0-301F-11D3-BF4B-00C04F79EFBC}") = "02CompareArrays", "02CompareArrays\02CompareArrays.csproj", "{3E10FFEA-8F99-45C8-8D47-93ACE54D9B75}"
EndProject
Project("{FAE04EC0-301F-11D3-BF4B-00C04F79EFBC}") = "03CompareCharArrays", "03CompareCharArrays\03CompareCharArrays.csproj", "{1FC1B863-0467-465D-AEA1-02737FFC7BED}"
EndProject
Project("{FAE04EC0-301F-11D3-BF4B-00C04F79EFBC}") = "04MaximalSequence", "04MaximalSequence\04MaximalSequence.csproj", "{14CFE367-7D7B-4DB9-94BC-076B14181B33}"
EndProject
Project("{FAE04EC0-301F-11D3-BF4B-00C04F79EFBC}") = "05MaximalIncreasingSequence", "05MaximalIncreasingSequence\05MaximalIncreasingSequence.csproj", "{1327F0DD-6B43-42A2-B28A-CAA36DB8DB32}"
EndProject
Project("{FAE04EC0-301F-11D3-BF4B-00C04F79EFBC}") = "06MaximalKSum", "06MaximalKSum\06MaximalKSum.csproj", "{64E632D3-9A35-43C6-8C37-2D9872804A1C}"
EndProject
Project("{FAE04EC0-301F-11D3-BF4B-00C04F79EFBC}") = "07SelectionSort", "07SelectionSort\07SelectionSort.csproj", "{127D7F3B-352E-4E4D-8E59-5B0D02D52FFD}"
EndProject
Project("{FAE04EC0-301F-11D3-BF4B-00C04F79EFBC}") = "08MaximalSum", "08MaximalSum\08MaximalSum.csproj", "{00B296BC-3701-421F-9A7E-DBFE97694B18}"
EndProject
Project("{FAE04EC0-301F-11D3-BF4B-00C04F79EFBC}") = "09FrequentNumber", "09FrequentNumber\09FrequentNumber.csproj", "{87CA1123-56D8-452D-85EA-A4296708B1AF}"
EndProject
Project("{FAE04EC0-301F-11D3-BF4B-00C04F79EFBC}") = "10FindSumInArray", "10FindSumInArray\10FindSumInArray.csproj", "{CEEECDDA-8CDC-4D00-8C9C-09F205775B0D}"
EndProject
Project("{FAE04EC0-301F-11D3-BF4B-00C04F79EFBC}") = "11BinarySearch", "11BinarySearch\11BinarySearch.csproj", "{BD3F5E61-D282-4866-A6AF-5B1DF5A5FC59}"
EndProject
Project("{FAE04EC0-301F-11D3-BF4B-00C04F79EFBC}") = "12IndexOfLetters", "12IndexOfLetters\12IndexOfLetters.csproj", "{DA051146-1BDB-4B94-B973-C8ACB9701C2F}"
EndProject
Project("{FAE04EC0-301F-11D3-BF4B-00C04F79EFBC}") = "13MergeSort", "13MergeSort\13MergeSort.csproj", "{B13F7106-AB82-4D06-99A3-28B4066B8031}"
EndProject
Project("{FAE04EC0-301F-11D3-BF4B-00C04F79EFBC}") = "14QuickSort", "14QuickSort\14QuickSort.csproj", "{DEA58110-FDC7-4E93-B82B-3294506CE7B3}"
EndProject
Project("{FAE04EC0-301F-11D3-BF4B-00C04F79EFBC}") = "15PrimeNumbersSieve", "15PrimeNumbersSieve\15PrimeNumbersSieve.csproj", "{85422FDC-66F2-4FD5-BADB-FA0ECA4427E0}"
EndProject
Project("{FAE04EC0-301F-11D3-BF4B-00C04F79EFBC}") = "16SubsetSumS", "16SubsetSumS\16SubsetSumS.csproj", "{E80FD1C0-0AA8-458C-B77E-5176937816B9}"
EndProject
Global
	GlobalSection(SolutionConfigurationPlatforms) = preSolution
		Debug|Any CPU = Debug|Any CPU
		Release|Any CPU = Release|Any CPU
	EndGlobalSection
	GlobalSection(ProjectConfigurationPlatforms) = postSolution
		{9BF783AA-498C-4AA2-B12F-FF6F9E201FBB}.Debug|Any CPU.ActiveCfg = Debug|Any CPU
		{9BF783AA-498C-4AA2-B12F-FF6F9E201FBB}.Debug|Any CPU.Build.0 = Debug|Any CPU
		{9BF783AA-498C-4AA2-B12F-FF6F9E201FBB}.Release|Any CPU.ActiveCfg = Release|Any CPU
		{9BF783AA-498C-4AA2-B12F-FF6F9E201FBB}.Release|Any CPU.Build.0 = Release|Any CPU
		{3E10FFEA-8F99-45C8-8D47-93ACE54D9B75}.Debug|Any CPU.ActiveCfg = Debug|Any CPU
		{3E10FFEA-8F99-45C8-8D47-93ACE54D9B75}.Debug|Any CPU.Build.0 = Debug|Any CPU
		{3E10FFEA-8F99-45C8-8D47-93ACE54D9B75}.Release|Any CPU.ActiveCfg = Release|Any CPU
		{3E10FFEA-8F99-45C8-8D47-93ACE54D9B75}.Release|Any CPU.Build.0 = Release|Any CPU
		{1FC1B863-0467-465D-AEA1-02737FFC7BED}.Debug|Any CPU.ActiveCfg = Debug|Any CPU
		{1FC1B863-0467-465D-AEA1-02737FFC7BED}.Debug|Any CPU.Build.0 = Debug|Any CPU
		{1FC1B863-0467-465D-AEA1-02737FFC7BED}.Release|Any CPU.ActiveCfg = Release|Any CPU
		{1FC1B863-0467-465D-AEA1-02737FFC7BED}.Release|Any CPU.Build.0 = Release|Any CPU
		{14CFE367-7D7B-4DB9-94BC-076B14181B33}.Debug|Any CPU.ActiveCfg = Debug|Any CPU
		{14CFE367-7D7B-4DB9-94BC-076B14181B33}.Debug|Any CPU.Build.0 = Debug|Any CPU
		{14CFE367-7D7B-4DB9-94BC-076B14181B33}.Release|Any CPU.ActiveCfg = Release|Any CPU
		{14CFE367-7D7B-4DB9-94BC-076B14181B33}.Release|Any CPU.Build.0 = Release|Any CPU
		{1327F0DD-6B43-42A2-B28A-CAA36DB8DB32}.Debug|Any CPU.ActiveCfg = Debug|Any CPU
		{1327F0DD-6B43-42A2-B28A-CAA36DB8DB32}.Debug|Any CPU.Build.0 = Debug|Any CPU
		{1327F0DD-6B43-42A2-B28A-CAA36DB8DB32}.Release|Any CPU.ActiveCfg = Release|Any CPU
		{1327F0DD-6B43-42A2-B28A-CAA36DB8DB32}.Release|Any CPU.Build.0 = Release|Any CPU
		{64E632D3-9A35-43C6-8C37-2D9872804A1C}.Debug|Any CPU.ActiveCfg = Debug|Any CPU
		{64E632D3-9A35-43C6-8C37-2D9872804A1C}.Debug|Any CPU.Build.0 = Debug|Any CPU
		{64E632D3-9A35-43C6-8C37-2D9872804A1C}.Release|Any CPU.ActiveCfg = Release|Any CPU
		{64E632D3-9A35-43C6-8C37-2D9872804A1C}.Release|Any CPU.Build.0 = Release|Any CPU
		{127D7F3B-352E-4E4D-8E59-5B0D02D52FFD}.Debug|Any CPU.ActiveCfg = Debug|Any CPU
		{127D7F3B-352E-4E4D-8E59-5B0D02D52FFD}.Debug|Any CPU.Build.0 = Debug|Any CPU
		{127D7F3B-352E-4E4D-8E59-5B0D02D52FFD}.Release|Any CPU.ActiveCfg = Release|Any CPU
		{127D7F3B-352E-4E4D-8E59-5B0D02D52FFD}.Release|Any CPU.Build.0 = Release|Any CPU
		{00B296BC-3701-421F-9A7E-DBFE97694B18}.Debug|Any CPU.ActiveCfg = Debug|Any CPU
		{00B296BC-3701-421F-9A7E-DBFE97694B18}.Debug|Any CPU.Build.0 = Debug|Any CPU
		{00B296BC-3701-421F-9A7E-DBFE97694B18}.Release|Any CPU.ActiveCfg = Release|Any CPU
		{00B296BC-3701-421F-9A7E-DBFE97694B18}.Release|Any CPU.Build.0 = Release|Any CPU
		{87CA1123-56D8-452D-85EA-A4296708B1AF}.Debug|Any CPU.ActiveCfg = Debug|Any CPU
		{87CA1123-56D8-452D-85EA-A4296708B1AF}.Debug|Any CPU.Build.0 = Debug|Any CPU
		{87CA1123-56D8-452D-85EA-A4296708B1AF}.Release|Any CPU.ActiveCfg = Release|Any CPU
		{87CA1123-56D8-452D-85EA-A4296708B1AF}.Release|Any CPU.Build.0 = Release|Any CPU
		{CEEECDDA-8CDC-4D00-8C9C-09F205775B0D}.Debug|Any CPU.ActiveCfg = Debug|Any CPU
		{CEEECDDA-8CDC-4D00-8C9C-09F205775B0D}.Debug|Any CPU.Build.0 = Debug|Any CPU
		{CEEECDDA-8CDC-4D00-8C9C-09F205775B0D}.Release|Any CPU.ActiveCfg = Release|Any CPU
		{CEEECDDA-8CDC-4D00-8C9C-09F205775B0D}.Release|Any CPU.Build.0 = Release|Any CPU
		{BD3F5E61-D282-4866-A6AF-5B1DF5A5FC59}.Debug|Any CPU.ActiveCfg = Debug|Any CPU
		{BD3F5E61-D282-4866-A6AF-5B1DF5A5FC59}.Debug|Any CPU.Build.0 = Debug|Any CPU
		{BD3F5E61-D282-4866-A6AF-5B1DF5A5FC59}.Release|Any CPU.ActiveCfg = Release|Any CPU
		{BD3F5E61-D282-4866-A6AF-5B1DF5A5FC59}.Release|Any CPU.Build.0 = Release|Any CPU
		{DA051146-1BDB-4B94-B973-C8ACB9701C2F}.Debug|Any CPU.ActiveCfg = Debug|Any CPU
		{DA051146-1BDB-4B94-B973-C8ACB9701C2F}.Debug|Any CPU.Build.0 = Debug|Any CPU
		{DA051146-1BDB-4B94-B973-C8ACB9701C2F}.Release|Any CPU.ActiveCfg = Release|Any CPU
		{DA051146-1BDB-4B94-B973-C8ACB9701C2F}.Release|Any CPU.Build.0 = Release|Any CPU
		{B13F7106-AB82-4D06-99A3-28B4066B8031}.Debug|Any CPU.ActiveCfg = Debug|Any CPU
		{B13F7106-AB82-4D06-99A3-28B4066B8031}.Debug|Any CPU.Build.0 = Debug|Any CPU
		{B13F7106-AB82-4D06-99A3-28B4066B8031}.Release|Any CPU.ActiveCfg = Release|Any CPU
		{B13F7106-AB82-4D06-99A3-28B4066B8031}.Release|Any CPU.Build.0 = Release|Any CPU
		{DEA58110-FDC7-4E93-B82B-3294506CE7B3}.Debug|Any CPU.ActiveCfg = Debug|Any CPU
		{DEA58110-FDC7-4E93-B82B-3294506CE7B3}.Debug|Any CPU.Build.0 = Debug|Any CPU
		{DEA58110-FDC7-4E93-B82B-3294506CE7B3}.Release|Any CPU.ActiveCfg = Release|Any CPU
		{DEA58110-FDC7-4E93-B82B-3294506CE7B3}.Release|Any CPU.Build.0 = Release|Any CPU
		{85422FDC-66F2-4FD5-BADB-FA0ECA4427E0}.Debug|Any CPU.ActiveCfg = Debug|Any CPU
		{85422FDC-66F2-4FD5-BADB-FA0ECA4427E0}.Debug|Any CPU.Build.0 = Debug|Any CPU
		{85422FDC-66F2-4FD5-BADB-FA0ECA4427E0}.Release|Any CPU.ActiveCfg = Release|Any CPU
		{85422FDC-66F2-4FD5-BADB-FA0ECA4427E0}.Release|Any CPU.Build.0 = Release|Any CPU
		{E80FD1C0-0AA8-458C-B77E-5176937816B9}.Debug|Any CPU.ActiveCfg = Debug|Any CPU
		{E80FD1C0-0AA8-458C-B77E-5176937816B9}.Debug|Any CPU.Build.0 = Debug|Any CPU
		{E80FD1C0-0AA8-458C-B77E-5176937816B9}.Release|Any CPU.ActiveCfg = Release|Any CPU
		{E80FD1C0-0AA8-458C-B77E-5176937816B9}.Release|Any CPU.Build.0 = Release|Any CPU
	EndGlobalSection
	GlobalSection(SolutionProperties) = preSolution
		HideSolutionNode = FALSE
	EndGlobalSection
EndGlobal
