
Microsoft Visual Studio Solution File, Format Version 12.00
# Visual Studio 14
VisualStudioVersion = 14.0.23107.0
MinimumVisualStudioVersion = 10.0.40219.1
Project("{FAE04EC0-301F-11D3-BF4B-00C04F79EFBC}") = "01.CountOccurrences", "01.CountOccurrences\01.CountOccurrences.csproj", "{BFC090C8-78D9-4ED1-B58E-9F4B01904D77}"
EndProject
Project("{FAE04EC0-301F-11D3-BF4B-00C04F79EFBC}") = "02.OddOccurrences", "02.OddOccurrences\02.OddOccurrences.csproj", "{FF195836-A1C8-4302-B83F-89C0B47A91D5}"
EndProject
Project("{FAE04EC0-301F-11D3-BF4B-00C04F79EFBC}") = "03.CountWordOccurrences", "03.CountWordOccurrences\03.CountWordOccurrences.csproj", "{C8ADFFB5-03D1-40F9-8D97-C4F356A131F0}"
EndProject
Project("{FAE04EC0-301F-11D3-BF4B-00C04F79EFBC}") = "04.HashtableImplementation", "04.HashtableImplementation\04.HashtableImplementation.csproj", "{DE9BFF8C-A32C-46F9-A08D-EB2B903187F0}"
EndProject
Project("{FAE04EC0-301F-11D3-BF4B-00C04F79EFBC}") = "05.HashsetImplementation", "05.HashsetImplementation\05.HashsetImplementation.csproj", "{FA5BED86-93AB-48B1-AAFD-D5377F878675}"
EndProject
Project("{FAE04EC0-301F-11D3-BF4B-00C04F79EFBC}") = "06.PhonesApp", "06.PhonesApp\06.PhonesApp.csproj", "{880C4C49-3DD4-4FC1-8914-AABC51647A30}"
EndProject
Project("{FAE04EC0-301F-11D3-BF4B-00C04F79EFBC}") = "Hashet-Hastable.Tests", "Hashet-Hastable.Tests\Hashet-Hastable.Tests.csproj", "{808B8D34-928D-4679-8AB4-C43FA66A3C32}"
EndProject
Global
	GlobalSection(SolutionConfigurationPlatforms) = preSolution
		Debug|Any CPU = Debug|Any CPU
		Debug|ARM = Debug|ARM
		Debug|x64 = Debug|x64
		Debug|x86 = Debug|x86
		Release|Any CPU = Release|Any CPU
		Release|ARM = Release|ARM
		Release|x64 = Release|x64
		Release|x86 = Release|x86
	EndGlobalSection
	GlobalSection(ProjectConfigurationPlatforms) = postSolution
		{BFC090C8-78D9-4ED1-B58E-9F4B01904D77}.Debug|Any CPU.ActiveCfg = Debug|Any CPU
		{BFC090C8-78D9-4ED1-B58E-9F4B01904D77}.Debug|Any CPU.Build.0 = Debug|Any CPU
		{BFC090C8-78D9-4ED1-B58E-9F4B01904D77}.Debug|ARM.ActiveCfg = Debug|Any CPU
		{BFC090C8-78D9-4ED1-B58E-9F4B01904D77}.Debug|ARM.Build.0 = Debug|Any CPU
		{BFC090C8-78D9-4ED1-B58E-9F4B01904D77}.Debug|x64.ActiveCfg = Debug|Any CPU
		{BFC090C8-78D9-4ED1-B58E-9F4B01904D77}.Debug|x64.Build.0 = Debug|Any CPU
		{BFC090C8-78D9-4ED1-B58E-9F4B01904D77}.Debug|x86.ActiveCfg = Debug|Any CPU
		{BFC090C8-78D9-4ED1-B58E-9F4B01904D77}.Debug|x86.Build.0 = Debug|Any CPU
		{BFC090C8-78D9-4ED1-B58E-9F4B01904D77}.Release|Any CPU.ActiveCfg = Release|Any CPU
		{BFC090C8-78D9-4ED1-B58E-9F4B01904D77}.Release|Any CPU.Build.0 = Release|Any CPU
		{BFC090C8-78D9-4ED1-B58E-9F4B01904D77}.Release|ARM.ActiveCfg = Release|Any CPU
		{BFC090C8-78D9-4ED1-B58E-9F4B01904D77}.Release|ARM.Build.0 = Release|Any CPU
		{BFC090C8-78D9-4ED1-B58E-9F4B01904D77}.Release|x64.ActiveCfg = Release|Any CPU
		{BFC090C8-78D9-4ED1-B58E-9F4B01904D77}.Release|x64.Build.0 = Release|Any CPU
		{BFC090C8-78D9-4ED1-B58E-9F4B01904D77}.Release|x86.ActiveCfg = Release|Any CPU
		{BFC090C8-78D9-4ED1-B58E-9F4B01904D77}.Release|x86.Build.0 = Release|Any CPU
		{FF195836-A1C8-4302-B83F-89C0B47A91D5}.Debug|Any CPU.ActiveCfg = Debug|Any CPU
		{FF195836-A1C8-4302-B83F-89C0B47A91D5}.Debug|Any CPU.Build.0 = Debug|Any CPU
		{FF195836-A1C8-4302-B83F-89C0B47A91D5}.Debug|ARM.ActiveCfg = Debug|Any CPU
		{FF195836-A1C8-4302-B83F-89C0B47A91D5}.Debug|ARM.Build.0 = Debug|Any CPU
		{FF195836-A1C8-4302-B83F-89C0B47A91D5}.Debug|x64.ActiveCfg = Debug|Any CPU
		{FF195836-A1C8-4302-B83F-89C0B47A91D5}.Debug|x64.Build.0 = Debug|Any CPU
		{FF195836-A1C8-4302-B83F-89C0B47A91D5}.Debug|x86.ActiveCfg = Debug|Any CPU
		{FF195836-A1C8-4302-B83F-89C0B47A91D5}.Debug|x86.Build.0 = Debug|Any CPU
		{FF195836-A1C8-4302-B83F-89C0B47A91D5}.Release|Any CPU.ActiveCfg = Release|Any CPU
		{FF195836-A1C8-4302-B83F-89C0B47A91D5}.Release|Any CPU.Build.0 = Release|Any CPU
		{FF195836-A1C8-4302-B83F-89C0B47A91D5}.Release|ARM.ActiveCfg = Release|Any CPU
		{FF195836-A1C8-4302-B83F-89C0B47A91D5}.Release|ARM.Build.0 = Release|Any CPU
		{FF195836-A1C8-4302-B83F-89C0B47A91D5}.Release|x64.ActiveCfg = Release|Any CPU
		{FF195836-A1C8-4302-B83F-89C0B47A91D5}.Release|x64.Build.0 = Release|Any CPU
		{FF195836-A1C8-4302-B83F-89C0B47A91D5}.Release|x86.ActiveCfg = Release|Any CPU
		{FF195836-A1C8-4302-B83F-89C0B47A91D5}.Release|x86.Build.0 = Release|Any CPU
		{C8ADFFB5-03D1-40F9-8D97-C4F356A131F0}.Debug|Any CPU.ActiveCfg = Debug|Any CPU
		{C8ADFFB5-03D1-40F9-8D97-C4F356A131F0}.Debug|Any CPU.Build.0 = Debug|Any CPU
		{C8ADFFB5-03D1-40F9-8D97-C4F356A131F0}.Debug|ARM.ActiveCfg = Debug|Any CPU
		{C8ADFFB5-03D1-40F9-8D97-C4F356A131F0}.Debug|ARM.Build.0 = Debug|Any CPU
		{C8ADFFB5-03D1-40F9-8D97-C4F356A131F0}.Debug|x64.ActiveCfg = Debug|Any CPU
		{C8ADFFB5-03D1-40F9-8D97-C4F356A131F0}.Debug|x64.Build.0 = Debug|Any CPU
		{C8ADFFB5-03D1-40F9-8D97-C4F356A131F0}.Debug|x86.ActiveCfg = Debug|Any CPU
		{C8ADFFB5-03D1-40F9-8D97-C4F356A131F0}.Debug|x86.Build.0 = Debug|Any CPU
		{C8ADFFB5-03D1-40F9-8D97-C4F356A131F0}.Release|Any CPU.ActiveCfg = Release|Any CPU
		{C8ADFFB5-03D1-40F9-8D97-C4F356A131F0}.Release|Any CPU.Build.0 = Release|Any CPU
		{C8ADFFB5-03D1-40F9-8D97-C4F356A131F0}.Release|ARM.ActiveCfg = Release|Any CPU
		{C8ADFFB5-03D1-40F9-8D97-C4F356A131F0}.Release|ARM.Build.0 = Release|Any CPU
		{C8ADFFB5-03D1-40F9-8D97-C4F356A131F0}.Release|x64.ActiveCfg = Release|Any CPU
		{C8ADFFB5-03D1-40F9-8D97-C4F356A131F0}.Release|x64.Build.0 = Release|Any CPU
		{C8ADFFB5-03D1-40F9-8D97-C4F356A131F0}.Release|x86.ActiveCfg = Release|Any CPU
		{C8ADFFB5-03D1-40F9-8D97-C4F356A131F0}.Release|x86.Build.0 = Release|Any CPU
		{DE9BFF8C-A32C-46F9-A08D-EB2B903187F0}.Debug|Any CPU.ActiveCfg = Debug|Any CPU
		{DE9BFF8C-A32C-46F9-A08D-EB2B903187F0}.Debug|Any CPU.Build.0 = Debug|Any CPU
		{DE9BFF8C-A32C-46F9-A08D-EB2B903187F0}.Debug|ARM.ActiveCfg = Debug|Any CPU
		{DE9BFF8C-A32C-46F9-A08D-EB2B903187F0}.Debug|ARM.Build.0 = Debug|Any CPU
		{DE9BFF8C-A32C-46F9-A08D-EB2B903187F0}.Debug|x64.ActiveCfg = Debug|Any CPU
		{DE9BFF8C-A32C-46F9-A08D-EB2B903187F0}.Debug|x64.Build.0 = Debug|Any CPU
		{DE9BFF8C-A32C-46F9-A08D-EB2B903187F0}.Debug|x86.ActiveCfg = Debug|Any CPU
		{DE9BFF8C-A32C-46F9-A08D-EB2B903187F0}.Debug|x86.Build.0 = Debug|Any CPU
		{DE9BFF8C-A32C-46F9-A08D-EB2B903187F0}.Release|Any CPU.ActiveCfg = Release|Any CPU
		{DE9BFF8C-A32C-46F9-A08D-EB2B903187F0}.Release|Any CPU.Build.0 = Release|Any CPU
		{DE9BFF8C-A32C-46F9-A08D-EB2B903187F0}.Release|ARM.ActiveCfg = Release|Any CPU
		{DE9BFF8C-A32C-46F9-A08D-EB2B903187F0}.Release|ARM.Build.0 = Release|Any CPU
		{DE9BFF8C-A32C-46F9-A08D-EB2B903187F0}.Release|x64.ActiveCfg = Release|Any CPU
		{DE9BFF8C-A32C-46F9-A08D-EB2B903187F0}.Release|x64.Build.0 = Release|Any CPU
		{DE9BFF8C-A32C-46F9-A08D-EB2B903187F0}.Release|x86.ActiveCfg = Release|Any CPU
		{DE9BFF8C-A32C-46F9-A08D-EB2B903187F0}.Release|x86.Build.0 = Release|Any CPU
		{FA5BED86-93AB-48B1-AAFD-D5377F878675}.Debug|Any CPU.ActiveCfg = Debug|Any CPU
		{FA5BED86-93AB-48B1-AAFD-D5377F878675}.Debug|Any CPU.Build.0 = Debug|Any CPU
		{FA5BED86-93AB-48B1-AAFD-D5377F878675}.Debug|ARM.ActiveCfg = Debug|Any CPU
		{FA5BED86-93AB-48B1-AAFD-D5377F878675}.Debug|ARM.Build.0 = Debug|Any CPU
		{FA5BED86-93AB-48B1-AAFD-D5377F878675}.Debug|x64.ActiveCfg = Debug|Any CPU
		{FA5BED86-93AB-48B1-AAFD-D5377F878675}.Debug|x64.Build.0 = Debug|Any CPU
		{FA5BED86-93AB-48B1-AAFD-D5377F878675}.Debug|x86.ActiveCfg = Debug|Any CPU
		{FA5BED86-93AB-48B1-AAFD-D5377F878675}.Debug|x86.Build.0 = Debug|Any CPU
		{FA5BED86-93AB-48B1-AAFD-D5377F878675}.Release|Any CPU.ActiveCfg = Release|Any CPU
		{FA5BED86-93AB-48B1-AAFD-D5377F878675}.Release|Any CPU.Build.0 = Release|Any CPU
		{FA5BED86-93AB-48B1-AAFD-D5377F878675}.Release|ARM.ActiveCfg = Release|Any CPU
		{FA5BED86-93AB-48B1-AAFD-D5377F878675}.Release|ARM.Build.0 = Release|Any CPU
		{FA5BED86-93AB-48B1-AAFD-D5377F878675}.Release|x64.ActiveCfg = Release|Any CPU
		{FA5BED86-93AB-48B1-AAFD-D5377F878675}.Release|x64.Build.0 = Release|Any CPU
		{FA5BED86-93AB-48B1-AAFD-D5377F878675}.Release|x86.ActiveCfg = Release|Any CPU
		{FA5BED86-93AB-48B1-AAFD-D5377F878675}.Release|x86.Build.0 = Release|Any CPU
		{880C4C49-3DD4-4FC1-8914-AABC51647A30}.Debug|Any CPU.ActiveCfg = Debug|Any CPU
		{880C4C49-3DD4-4FC1-8914-AABC51647A30}.Debug|Any CPU.Build.0 = Debug|Any CPU
		{880C4C49-3DD4-4FC1-8914-AABC51647A30}.Debug|ARM.ActiveCfg = Debug|Any CPU
		{880C4C49-3DD4-4FC1-8914-AABC51647A30}.Debug|ARM.Build.0 = Debug|Any CPU
		{880C4C49-3DD4-4FC1-8914-AABC51647A30}.Debug|x64.ActiveCfg = Debug|Any CPU
		{880C4C49-3DD4-4FC1-8914-AABC51647A30}.Debug|x64.Build.0 = Debug|Any CPU
		{880C4C49-3DD4-4FC1-8914-AABC51647A30}.Debug|x86.ActiveCfg = Debug|Any CPU
		{880C4C49-3DD4-4FC1-8914-AABC51647A30}.Debug|x86.Build.0 = Debug|Any CPU
		{880C4C49-3DD4-4FC1-8914-AABC51647A30}.Release|Any CPU.ActiveCfg = Release|Any CPU
		{880C4C49-3DD4-4FC1-8914-AABC51647A30}.Release|Any CPU.Build.0 = Release|Any CPU
		{880C4C49-3DD4-4FC1-8914-AABC51647A30}.Release|ARM.ActiveCfg = Release|Any CPU
		{880C4C49-3DD4-4FC1-8914-AABC51647A30}.Release|ARM.Build.0 = Release|Any CPU
		{880C4C49-3DD4-4FC1-8914-AABC51647A30}.Release|x64.ActiveCfg = Release|Any CPU
		{880C4C49-3DD4-4FC1-8914-AABC51647A30}.Release|x64.Build.0 = Release|Any CPU
		{880C4C49-3DD4-4FC1-8914-AABC51647A30}.Release|x86.ActiveCfg = Release|Any CPU
		{880C4C49-3DD4-4FC1-8914-AABC51647A30}.Release|x86.Build.0 = Release|Any CPU
		{808B8D34-928D-4679-8AB4-C43FA66A3C32}.Debug|Any CPU.ActiveCfg = Debug|Any CPU
		{808B8D34-928D-4679-8AB4-C43FA66A3C32}.Debug|Any CPU.Build.0 = Debug|Any CPU
		{808B8D34-928D-4679-8AB4-C43FA66A3C32}.Debug|ARM.ActiveCfg = Debug|Any CPU
		{808B8D34-928D-4679-8AB4-C43FA66A3C32}.Debug|ARM.Build.0 = Debug|Any CPU
		{808B8D34-928D-4679-8AB4-C43FA66A3C32}.Debug|x64.ActiveCfg = Debug|Any CPU
		{808B8D34-928D-4679-8AB4-C43FA66A3C32}.Debug|x64.Build.0 = Debug|Any CPU
		{808B8D34-928D-4679-8AB4-C43FA66A3C32}.Debug|x86.ActiveCfg = Debug|Any CPU
		{808B8D34-928D-4679-8AB4-C43FA66A3C32}.Debug|x86.Build.0 = Debug|Any CPU
		{808B8D34-928D-4679-8AB4-C43FA66A3C32}.Release|Any CPU.ActiveCfg = Release|Any CPU
		{808B8D34-928D-4679-8AB4-C43FA66A3C32}.Release|Any CPU.Build.0 = Release|Any CPU
		{808B8D34-928D-4679-8AB4-C43FA66A3C32}.Release|ARM.ActiveCfg = Release|Any CPU
		{808B8D34-928D-4679-8AB4-C43FA66A3C32}.Release|ARM.Build.0 = Release|Any CPU
		{808B8D34-928D-4679-8AB4-C43FA66A3C32}.Release|x64.ActiveCfg = Release|Any CPU
		{808B8D34-928D-4679-8AB4-C43FA66A3C32}.Release|x64.Build.0 = Release|Any CPU
		{808B8D34-928D-4679-8AB4-C43FA66A3C32}.Release|x86.ActiveCfg = Release|Any CPU
		{808B8D34-928D-4679-8AB4-C43FA66A3C32}.Release|x86.Build.0 = Release|Any CPU
	EndGlobalSection
	GlobalSection(SolutionProperties) = preSolution
		HideSolutionNode = FALSE
	EndGlobalSection
EndGlobal
