
Microsoft Visual Studio Solution File, Format Version 12.00
# Visual Studio 2013
VisualStudioVersion = 12.0.21005.1
MinimumVisualStudioVersion = 10.0.40219.1
Project("{FAE04EC0-301F-11D3-BF4B-00C04F79EFBC}") = "01PrintNNumbers", "01PrintNNumbers\01PrintNNumbers.csproj", "{4556533D-E317-43F8-8552-2C270A849812}"
EndProject
Project("{FAE04EC0-301F-11D3-BF4B-00C04F79EFBC}") = "02NNotDiv3and7", "02NNotDiv3and7\02NNotDiv3and7.csproj", "{1996842F-C448-4265-8C30-EEE22F33979C}"
EndProject
Project("{FAE04EC0-301F-11D3-BF4B-00C04F79EFBC}") = "03MinMaxSumAvg", "03MinMaxSumAvg\03MinMaxSumAvg.csproj", "{009C2F6D-86C5-4117-ABCC-13B128D0AB2D}"
EndProject
Project("{FAE04EC0-301F-11D3-BF4B-00C04F79EFBC}") = "05Sum", "05Sum\05Sum.csproj", "{880C9D4F-C05E-46CB-B329-86E4CB4AF5A1}"
EndProject
Project("{FAE04EC0-301F-11D3-BF4B-00C04F79EFBC}") = "06NKFactorial", "06NKFactorial\06NKFactorial.csproj", "{D38548A8-8B1D-44AF-9589-2186AE73CC71}"
EndProject
Project("{FAE04EC0-301F-11D3-BF4B-00C04F79EFBC}") = "07FactorialNKNK", "07FactorialNKNK\07FactorialNKNK.csproj", "{4A216D86-057B-44C4-B5F4-F230EF02DB0C}"
EndProject
Project("{FAE04EC0-301F-11D3-BF4B-00C04F79EFBC}") = "04CardDeck", "04CardDeck\04CardDeck.csproj", "{0E3525D7-0890-4965-8658-A3925F966017}"
EndProject
Project("{FAE04EC0-301F-11D3-BF4B-00C04F79EFBC}") = "08CatalanNums", "08CatalanNums\08CatalanNums.csproj", "{371ADC38-C9DC-4537-AA7A-655665D05537}"
EndProject
Project("{FAE04EC0-301F-11D3-BF4B-00C04F79EFBC}") = "09MatrixNums", "09MatrixNums\09MatrixNums.csproj", "{919DA5D8-3DCE-47EF-8D51-0D472E322AAB}"
EndProject
Project("{FAE04EC0-301F-11D3-BF4B-00C04F79EFBC}") = "10OddEvenProduct", "10OddEvenProduct\10OddEvenProduct.csproj", "{EB057D6F-7645-4C00-A308-8AD7D603B57B}"
EndProject
Project("{FAE04EC0-301F-11D3-BF4B-00C04F79EFBC}") = "11RandomNums", "11RandomNums\11RandomNums.csproj", "{E14392F9-6220-4057-8C12-AD455F3180DB}"
EndProject
Project("{FAE04EC0-301F-11D3-BF4B-00C04F79EFBC}") = "12RandomizeNums", "12RandomizeNums\12RandomizeNums.csproj", "{F2323A04-66FC-4A60-BBAE-0BBEA2A41FF4}"
EndProject
Project("{FAE04EC0-301F-11D3-BF4B-00C04F79EFBC}") = "13BinaryToDecimal", "13BinaryToDecimal\13BinaryToDecimal.csproj", "{34B66B39-9574-4DDA-9ED1-EF41B4F0605C}"
EndProject
Project("{FAE04EC0-301F-11D3-BF4B-00C04F79EFBC}") = "14DecToBin", "14DecToBin\14DecToBin.csproj", "{870F8AD2-F49B-4F00-8171-B92E4E073CD4}"
EndProject
Project("{FAE04EC0-301F-11D3-BF4B-00C04F79EFBC}") = "15HexToDec", "15HexToDec\15HexToDec.csproj", "{2BA050E2-1F67-4766-8B15-88E975485CB4}"
EndProject
Project("{FAE04EC0-301F-11D3-BF4B-00C04F79EFBC}") = "16DecToHex", "16DecToHex\16DecToHex.csproj", "{D8562DAE-D687-460E-9FBE-EA2F46189631}"
EndProject
Project("{FAE04EC0-301F-11D3-BF4B-00C04F79EFBC}") = "17GCD", "17GCD\17GCD.csproj", "{2F01D7A6-021D-4BAB-8A31-B4DF2DCF3CB4}"
EndProject
Project("{FAE04EC0-301F-11D3-BF4B-00C04F79EFBC}") = "18TrailingZeros", "18TrailingZeros\18TrailingZeros.csproj", "{96B4A90A-8536-4622-903C-E4BCB711E894}"
EndProject
Project("{FAE04EC0-301F-11D3-BF4B-00C04F79EFBC}") = "19SpiralMatrix", "19SpiralMatrix\19SpiralMatrix.csproj", "{767D29C3-BD66-473F-9D8F-07F48DF987F1}"
EndProject
Global
	GlobalSection(SolutionConfigurationPlatforms) = preSolution
		Debug|Any CPU = Debug|Any CPU
		Release|Any CPU = Release|Any CPU
	EndGlobalSection
	GlobalSection(ProjectConfigurationPlatforms) = postSolution
		{4556533D-E317-43F8-8552-2C270A849812}.Debug|Any CPU.ActiveCfg = Debug|Any CPU
		{4556533D-E317-43F8-8552-2C270A849812}.Debug|Any CPU.Build.0 = Debug|Any CPU
		{4556533D-E317-43F8-8552-2C270A849812}.Release|Any CPU.ActiveCfg = Release|Any CPU
		{4556533D-E317-43F8-8552-2C270A849812}.Release|Any CPU.Build.0 = Release|Any CPU
		{1996842F-C448-4265-8C30-EEE22F33979C}.Debug|Any CPU.ActiveCfg = Debug|Any CPU
		{1996842F-C448-4265-8C30-EEE22F33979C}.Debug|Any CPU.Build.0 = Debug|Any CPU
		{1996842F-C448-4265-8C30-EEE22F33979C}.Release|Any CPU.ActiveCfg = Release|Any CPU
		{1996842F-C448-4265-8C30-EEE22F33979C}.Release|Any CPU.Build.0 = Release|Any CPU
		{009C2F6D-86C5-4117-ABCC-13B128D0AB2D}.Debug|Any CPU.ActiveCfg = Debug|Any CPU
		{009C2F6D-86C5-4117-ABCC-13B128D0AB2D}.Debug|Any CPU.Build.0 = Debug|Any CPU
		{009C2F6D-86C5-4117-ABCC-13B128D0AB2D}.Release|Any CPU.ActiveCfg = Release|Any CPU
		{009C2F6D-86C5-4117-ABCC-13B128D0AB2D}.Release|Any CPU.Build.0 = Release|Any CPU
		{880C9D4F-C05E-46CB-B329-86E4CB4AF5A1}.Debug|Any CPU.ActiveCfg = Debug|Any CPU
		{880C9D4F-C05E-46CB-B329-86E4CB4AF5A1}.Debug|Any CPU.Build.0 = Debug|Any CPU
		{880C9D4F-C05E-46CB-B329-86E4CB4AF5A1}.Release|Any CPU.ActiveCfg = Release|Any CPU
		{880C9D4F-C05E-46CB-B329-86E4CB4AF5A1}.Release|Any CPU.Build.0 = Release|Any CPU
		{D38548A8-8B1D-44AF-9589-2186AE73CC71}.Debug|Any CPU.ActiveCfg = Debug|Any CPU
		{D38548A8-8B1D-44AF-9589-2186AE73CC71}.Debug|Any CPU.Build.0 = Debug|Any CPU
		{D38548A8-8B1D-44AF-9589-2186AE73CC71}.Release|Any CPU.ActiveCfg = Release|Any CPU
		{D38548A8-8B1D-44AF-9589-2186AE73CC71}.Release|Any CPU.Build.0 = Release|Any CPU
		{4A216D86-057B-44C4-B5F4-F230EF02DB0C}.Debug|Any CPU.ActiveCfg = Debug|Any CPU
		{4A216D86-057B-44C4-B5F4-F230EF02DB0C}.Debug|Any CPU.Build.0 = Debug|Any CPU
		{4A216D86-057B-44C4-B5F4-F230EF02DB0C}.Release|Any CPU.ActiveCfg = Release|Any CPU
		{4A216D86-057B-44C4-B5F4-F230EF02DB0C}.Release|Any CPU.Build.0 = Release|Any CPU
		{0E3525D7-0890-4965-8658-A3925F966017}.Debug|Any CPU.ActiveCfg = Debug|Any CPU
		{0E3525D7-0890-4965-8658-A3925F966017}.Debug|Any CPU.Build.0 = Debug|Any CPU
		{0E3525D7-0890-4965-8658-A3925F966017}.Release|Any CPU.ActiveCfg = Release|Any CPU
		{0E3525D7-0890-4965-8658-A3925F966017}.Release|Any CPU.Build.0 = Release|Any CPU
		{371ADC38-C9DC-4537-AA7A-655665D05537}.Debug|Any CPU.ActiveCfg = Debug|Any CPU
		{371ADC38-C9DC-4537-AA7A-655665D05537}.Debug|Any CPU.Build.0 = Debug|Any CPU
		{371ADC38-C9DC-4537-AA7A-655665D05537}.Release|Any CPU.ActiveCfg = Release|Any CPU
		{371ADC38-C9DC-4537-AA7A-655665D05537}.Release|Any CPU.Build.0 = Release|Any CPU
		{919DA5D8-3DCE-47EF-8D51-0D472E322AAB}.Debug|Any CPU.ActiveCfg = Debug|Any CPU
		{919DA5D8-3DCE-47EF-8D51-0D472E322AAB}.Debug|Any CPU.Build.0 = Debug|Any CPU
		{919DA5D8-3DCE-47EF-8D51-0D472E322AAB}.Release|Any CPU.ActiveCfg = Release|Any CPU
		{919DA5D8-3DCE-47EF-8D51-0D472E322AAB}.Release|Any CPU.Build.0 = Release|Any CPU
		{EB057D6F-7645-4C00-A308-8AD7D603B57B}.Debug|Any CPU.ActiveCfg = Debug|Any CPU
		{EB057D6F-7645-4C00-A308-8AD7D603B57B}.Debug|Any CPU.Build.0 = Debug|Any CPU
		{EB057D6F-7645-4C00-A308-8AD7D603B57B}.Release|Any CPU.ActiveCfg = Release|Any CPU
		{EB057D6F-7645-4C00-A308-8AD7D603B57B}.Release|Any CPU.Build.0 = Release|Any CPU
		{E14392F9-6220-4057-8C12-AD455F3180DB}.Debug|Any CPU.ActiveCfg = Debug|Any CPU
		{E14392F9-6220-4057-8C12-AD455F3180DB}.Debug|Any CPU.Build.0 = Debug|Any CPU
		{E14392F9-6220-4057-8C12-AD455F3180DB}.Release|Any CPU.ActiveCfg = Release|Any CPU
		{E14392F9-6220-4057-8C12-AD455F3180DB}.Release|Any CPU.Build.0 = Release|Any CPU
		{F2323A04-66FC-4A60-BBAE-0BBEA2A41FF4}.Debug|Any CPU.ActiveCfg = Debug|Any CPU
		{F2323A04-66FC-4A60-BBAE-0BBEA2A41FF4}.Debug|Any CPU.Build.0 = Debug|Any CPU
		{F2323A04-66FC-4A60-BBAE-0BBEA2A41FF4}.Release|Any CPU.ActiveCfg = Release|Any CPU
		{F2323A04-66FC-4A60-BBAE-0BBEA2A41FF4}.Release|Any CPU.Build.0 = Release|Any CPU
		{34B66B39-9574-4DDA-9ED1-EF41B4F0605C}.Debug|Any CPU.ActiveCfg = Debug|Any CPU
		{34B66B39-9574-4DDA-9ED1-EF41B4F0605C}.Debug|Any CPU.Build.0 = Debug|Any CPU
		{34B66B39-9574-4DDA-9ED1-EF41B4F0605C}.Release|Any CPU.ActiveCfg = Release|Any CPU
		{34B66B39-9574-4DDA-9ED1-EF41B4F0605C}.Release|Any CPU.Build.0 = Release|Any CPU
		{870F8AD2-F49B-4F00-8171-B92E4E073CD4}.Debug|Any CPU.ActiveCfg = Debug|Any CPU
		{870F8AD2-F49B-4F00-8171-B92E4E073CD4}.Debug|Any CPU.Build.0 = Debug|Any CPU
		{870F8AD2-F49B-4F00-8171-B92E4E073CD4}.Release|Any CPU.ActiveCfg = Release|Any CPU
		{870F8AD2-F49B-4F00-8171-B92E4E073CD4}.Release|Any CPU.Build.0 = Release|Any CPU
		{2BA050E2-1F67-4766-8B15-88E975485CB4}.Debug|Any CPU.ActiveCfg = Debug|Any CPU
		{2BA050E2-1F67-4766-8B15-88E975485CB4}.Debug|Any CPU.Build.0 = Debug|Any CPU
		{2BA050E2-1F67-4766-8B15-88E975485CB4}.Release|Any CPU.ActiveCfg = Release|Any CPU
		{2BA050E2-1F67-4766-8B15-88E975485CB4}.Release|Any CPU.Build.0 = Release|Any CPU
		{D8562DAE-D687-460E-9FBE-EA2F46189631}.Debug|Any CPU.ActiveCfg = Debug|Any CPU
		{D8562DAE-D687-460E-9FBE-EA2F46189631}.Debug|Any CPU.Build.0 = Debug|Any CPU
		{D8562DAE-D687-460E-9FBE-EA2F46189631}.Release|Any CPU.ActiveCfg = Release|Any CPU
		{D8562DAE-D687-460E-9FBE-EA2F46189631}.Release|Any CPU.Build.0 = Release|Any CPU
		{2F01D7A6-021D-4BAB-8A31-B4DF2DCF3CB4}.Debug|Any CPU.ActiveCfg = Debug|Any CPU
		{2F01D7A6-021D-4BAB-8A31-B4DF2DCF3CB4}.Debug|Any CPU.Build.0 = Debug|Any CPU
		{2F01D7A6-021D-4BAB-8A31-B4DF2DCF3CB4}.Release|Any CPU.ActiveCfg = Release|Any CPU
		{2F01D7A6-021D-4BAB-8A31-B4DF2DCF3CB4}.Release|Any CPU.Build.0 = Release|Any CPU
		{96B4A90A-8536-4622-903C-E4BCB711E894}.Debug|Any CPU.ActiveCfg = Debug|Any CPU
		{96B4A90A-8536-4622-903C-E4BCB711E894}.Debug|Any CPU.Build.0 = Debug|Any CPU
		{96B4A90A-8536-4622-903C-E4BCB711E894}.Release|Any CPU.ActiveCfg = Release|Any CPU
		{96B4A90A-8536-4622-903C-E4BCB711E894}.Release|Any CPU.Build.0 = Release|Any CPU
		{767D29C3-BD66-473F-9D8F-07F48DF987F1}.Debug|Any CPU.ActiveCfg = Debug|Any CPU
		{767D29C3-BD66-473F-9D8F-07F48DF987F1}.Debug|Any CPU.Build.0 = Debug|Any CPU
		{767D29C3-BD66-473F-9D8F-07F48DF987F1}.Release|Any CPU.ActiveCfg = Release|Any CPU
		{767D29C3-BD66-473F-9D8F-07F48DF987F1}.Release|Any CPU.Build.0 = Release|Any CPU
	EndGlobalSection
	GlobalSection(SolutionProperties) = preSolution
		HideSolutionNode = FALSE
	EndGlobalSection
EndGlobal
